// !$*UTF8*$!
{
	archiveVersion = 1;
	classes = {
	};
	objectVersion = 46;
	objects = {

/* Begin PBXBuildFile section */
		12605C411D2674BF00396DC0 /* DoctorListVC.mm in Sources */ = {isa = PBXBuildFile; fileRef = 12605C401D2674BF00396DC0 /* DoctorListVC.mm */; };
		12605C441D2675D600396DC0 /* DoctorModel.m in Sources */ = {isa = PBXBuildFile; fileRef = 12605C431D2675D600396DC0 /* DoctorModel.m */; };
		126E2F9A1D24C0FD00421358 /* main.m in Sources */ = {isa = PBXBuildFile; fileRef = 126E2F991D24C0FD00421358 /* main.m */; };
		126E2F9D1D24C0FD00421358 /* AppDelegate.m in Sources */ = {isa = PBXBuildFile; fileRef = 126E2F9C1D24C0FD00421358 /* AppDelegate.m */; };
		126E2FA01D24C0FD00421358 /* ViewController.mm in Sources */ = {isa = PBXBuildFile; fileRef = 126E2F9F1D24C0FD00421358 /* ViewController.mm */; };
		126E2FA31D24C0FD00421358 /* Main.storyboard in Resources */ = {isa = PBXBuildFile; fileRef = 126E2FA11D24C0FD00421358 /* Main.storyboard */; };
		126E2FA51D24C0FD00421358 /* Assets.xcassets in Resources */ = {isa = PBXBuildFile; fileRef = 126E2FA41D24C0FD00421358 /* Assets.xcassets */; };
		126E2FA81D24C0FD00421358 /* LaunchScreen.storyboard in Resources */ = {isa = PBXBuildFile; fileRef = 126E2FA61D24C0FD00421358 /* LaunchScreen.storyboard */; };
		126E2FB31D24C0FD00421358 /* ComponentDemoTests.m in Sources */ = {isa = PBXBuildFile; fileRef = 126E2FB21D24C0FD00421358 /* ComponentDemoTests.m */; };
		126E2FBE1D24C0FD00421358 /* ComponentDemoUITests.m in Sources */ = {isa = PBXBuildFile; fileRef = 126E2FBD1D24C0FD00421358 /* ComponentDemoUITests.m */; };
		126E2FCD1D24C29300421358 /* HostViewVC.mm in Sources */ = {isa = PBXBuildFile; fileRef = 126E2FCC1D24C29300421358 /* HostViewVC.mm */; };
		126E2FD01D24C33F00421358 /* DoctorInfoComponent.mm in Sources */ = {isa = PBXBuildFile; fileRef = 126E2FCF1D24C33F00421358 /* DoctorInfoComponent.mm */; };
		127E14441D2AC56900F3B819 /* AALabelComponent.mm in Sources */ = {isa = PBXBuildFile; fileRef = 127E14431D2AC56900F3B819 /* AALabelComponent.mm */; };
		12AF54131D28EAB8006B1729 /* DoctorListVC2.mm in Sources */ = {isa = PBXBuildFile; fileRef = 12AF54121D28EAB8006B1729 /* DoctorListVC2.mm */; };
		12AF54301D2955F1006B1729 /* AAComponentExt.mm in Sources */ = {isa = PBXBuildFile; fileRef = 12AF541C1D2955F1006B1729 /* AAComponentExt.mm */; };
		12AF54311D2955F1006B1729 /* CKCollectionVC.mm in Sources */ = {isa = PBXBuildFile; fileRef = 12AF541E1D2955F1006B1729 /* CKCollectionVC.mm */; };
		12AF54321D2955F1006B1729 /* CKComponent+HostingView.mm in Sources */ = {isa = PBXBuildFile; fileRef = 12AF54201D2955F1006B1729 /* CKComponent+HostingView.mm */; };
		12AF54331D2955F1006B1729 /* CKModelCollectionVC.mm in Sources */ = {isa = PBXBuildFile; fileRef = 12AF54221D2955F1006B1729 /* CKModelCollectionVC.mm */; };
		12AF54341D2955F1006B1729 /* CKModelTableVC.mm in Sources */ = {isa = PBXBuildFile; fileRef = 12AF54241D2955F1006B1729 /* CKModelTableVC.mm */; };
		12AF54351D2955F1006B1729 /* CKTableVC.mm in Sources */ = {isa = PBXBuildFile; fileRef = 12AF54261D2955F1006B1729 /* CKTableVC.mm */; };
		12AF54361D2955F1006B1729 /* AAModelKit.m in Sources */ = {isa = PBXBuildFile; fileRef = 12AF54291D2955F1006B1729 /* AAModelKit.m */; };
		12AF54371D2955F1006B1729 /* ModelRefresher.m in Sources */ = {isa = PBXBuildFile; fileRef = 12AF542B1D2955F1006B1729 /* ModelRefresher.m */; };
		12AF54381D2955F1006B1729 /* RefreshController.m in Sources */ = {isa = PBXBuildFile; fileRef = 12AF542D1D2955F1006B1729 /* RefreshController.m */; };
		12AF543C1D2960CE006B1729 /* AATableVC.m in Sources */ = {isa = PBXBuildFile; fileRef = 12AF543B1D2960CE006B1729 /* AATableVC.m */; };
		12AF543F1D2960D9006B1729 /* AACollectionVC.m in Sources */ = {isa = PBXBuildFile; fileRef = 12AF543E1D2960D9006B1729 /* AACollectionVC.m */; };
		12AF54421D296411006B1729 /* APIKit.m in Sources */ = {isa = PBXBuildFile; fileRef = 12AF54411D296411006B1729 /* APIKit.m */; };
		12AF54921D2A212F006B1729 /* NITableVC.m in Sources */ = {isa = PBXBuildFile; fileRef = 12AF54911D2A212F006B1729 /* NITableVC.m */; };
		12AF54991D2A5D14006B1729 /* CKTableViewUpdater.mm in Sources */ = {isa = PBXBuildFile; fileRef = 12AF54981D2A5D14006B1729 /* CKTableViewUpdater.mm */; };
		12AF549C1D2A6809006B1729 /* CKCollectionViewUpdater.mm in Sources */ = {isa = PBXBuildFile; fileRef = 12AF549B1D2A6809006B1729 /* CKCollectionViewUpdater.mm */; };
		12CCDED71D2A7429000CF3F1 /* NIModelUpdater.m in Sources */ = {isa = PBXBuildFile; fileRef = 12CCDED61D2A7429000CF3F1 /* NIModelUpdater.m */; };
		12CCDEDE1D2AA858000CF3F1 /* DoctorListVC3.m in Sources */ = {isa = PBXBuildFile; fileRef = 12CCDEDD1D2AA858000CF3F1 /* DoctorListVC3.m */; };
		12CCDEE11D2AA970000CF3F1 /* AATableObjectCatalog.m in Sources */ = {isa = PBXBuildFile; fileRef = 12CCDEE01D2AA970000CF3F1 /* AATableObjectCatalog.m */; };
		12FE174D1D28C2DB005E6977 /* TestCollectionVC.m in Sources */ = {isa = PBXBuildFile; fileRef = 12FE174C1D28C2DB005E6977 /* TestCollectionVC.m */; };
		605F5FE90A351D95F4CAE91D /* libPods.a in Frameworks */ = {isa = PBXBuildFile; fileRef = 519C77CE126ABB3711B7DA79 /* libPods.a */; };
/* End PBXBuildFile section */

/* Begin PBXContainerItemProxy section */
		126E2FAF1D24C0FD00421358 /* PBXContainerItemProxy */ = {
			isa = PBXContainerItemProxy;
			containerPortal = 126E2F8D1D24C0FD00421358 /* Project object */;
			proxyType = 1;
			remoteGlobalIDString = 126E2F941D24C0FD00421358;
			remoteInfo = ComponentDemo;
		};
		126E2FBA1D24C0FD00421358 /* PBXContainerItemProxy */ = {
			isa = PBXContainerItemProxy;
			containerPortal = 126E2F8D1D24C0FD00421358 /* Project object */;
			proxyType = 1;
			remoteGlobalIDString = 126E2F941D24C0FD00421358;
			remoteInfo = ComponentDemo;
		};
/* End PBXContainerItemProxy section */

/* Begin PBXFileReference section */
		12605C3F1D2674BF00396DC0 /* DoctorListVC.h */ = {isa = PBXFileReference; fileEncoding = 4; lastKnownFileType = sourcecode.c.h; path = DoctorListVC.h; sourceTree = "<group>"; };
		12605C401D2674BF00396DC0 /* DoctorListVC.mm */ = {isa = PBXFileReference; fileEncoding = 4; lastKnownFileType = sourcecode.cpp.objcpp; path = DoctorListVC.mm; sourceTree = "<group>"; };
		12605C421D2675D600396DC0 /* DoctorModel.h */ = {isa = PBXFileReference; fileEncoding = 4; lastKnownFileType = sourcecode.c.h; path = DoctorModel.h; sourceTree = "<group>"; };
		12605C431D2675D600396DC0 /* DoctorModel.m */ = {isa = PBXFileReference; fileEncoding = 4; lastKnownFileType = sourcecode.c.objc; path = DoctorModel.m; sourceTree = "<group>"; };
		126E2F951D24C0FD00421358 /* ComponentDemo.app */ = {isa = PBXFileReference; explicitFileType = wrapper.application; includeInIndex = 0; path = ComponentDemo.app; sourceTree = BUILT_PRODUCTS_DIR; };
		126E2F991D24C0FD00421358 /* main.m */ = {isa = PBXFileReference; lastKnownFileType = sourcecode.c.objc; path = main.m; sourceTree = "<group>"; };
		126E2F9B1D24C0FD00421358 /* AppDelegate.h */ = {isa = PBXFileReference; lastKnownFileType = sourcecode.c.h; path = AppDelegate.h; sourceTree = "<group>"; };
		126E2F9C1D24C0FD00421358 /* AppDelegate.m */ = {isa = PBXFileReference; lastKnownFileType = sourcecode.c.objc; path = AppDelegate.m; sourceTree = "<group>"; };
		126E2F9E1D24C0FD00421358 /* ViewController.h */ = {isa = PBXFileReference; lastKnownFileType = sourcecode.c.h; path = ViewController.h; sourceTree = "<group>"; };
		126E2F9F1D24C0FD00421358 /* ViewController.mm */ = {isa = PBXFileReference; lastKnownFileType = sourcecode.cpp.objcpp; path = ViewController.mm; sourceTree = "<group>"; };
		126E2FA21D24C0FD00421358 /* Base */ = {isa = PBXFileReference; lastKnownFileType = file.storyboard; name = Base; path = Base.lproj/Main.storyboard; sourceTree = "<group>"; };
		126E2FA41D24C0FD00421358 /* Assets.xcassets */ = {isa = PBXFileReference; lastKnownFileType = folder.assetcatalog; path = Assets.xcassets; sourceTree = "<group>"; };
		126E2FA71D24C0FD00421358 /* Base */ = {isa = PBXFileReference; lastKnownFileType = file.storyboard; name = Base; path = Base.lproj/LaunchScreen.storyboard; sourceTree = "<group>"; };
		126E2FA91D24C0FD00421358 /* Info.plist */ = {isa = PBXFileReference; lastKnownFileType = text.plist.xml; path = Info.plist; sourceTree = "<group>"; };
		126E2FAE1D24C0FD00421358 /* ComponentDemoTests.xctest */ = {isa = PBXFileReference; explicitFileType = wrapper.cfbundle; includeInIndex = 0; path = ComponentDemoTests.xctest; sourceTree = BUILT_PRODUCTS_DIR; };
		126E2FB21D24C0FD00421358 /* ComponentDemoTests.m */ = {isa = PBXFileReference; lastKnownFileType = sourcecode.c.objc; path = ComponentDemoTests.m; sourceTree = "<group>"; };
		126E2FB41D24C0FD00421358 /* Info.plist */ = {isa = PBXFileReference; lastKnownFileType = text.plist.xml; path = Info.plist; sourceTree = "<group>"; };
		126E2FB91D24C0FD00421358 /* ComponentDemoUITests.xctest */ = {isa = PBXFileReference; explicitFileType = wrapper.cfbundle; includeInIndex = 0; path = ComponentDemoUITests.xctest; sourceTree = BUILT_PRODUCTS_DIR; };
		126E2FBD1D24C0FD00421358 /* ComponentDemoUITests.m */ = {isa = PBXFileReference; lastKnownFileType = sourcecode.c.objc; path = ComponentDemoUITests.m; sourceTree = "<group>"; };
		126E2FBF1D24C0FD00421358 /* Info.plist */ = {isa = PBXFileReference; lastKnownFileType = text.plist.xml; path = Info.plist; sourceTree = "<group>"; };
		126E2FCB1D24C29300421358 /* HostViewVC.h */ = {isa = PBXFileReference; fileEncoding = 4; lastKnownFileType = sourcecode.c.h; path = HostViewVC.h; sourceTree = "<group>"; };
		126E2FCC1D24C29300421358 /* HostViewVC.mm */ = {isa = PBXFileReference; fileEncoding = 4; lastKnownFileType = sourcecode.cpp.objcpp; path = HostViewVC.mm; sourceTree = "<group>"; };
		126E2FCE1D24C33F00421358 /* DoctorInfoComponent.h */ = {isa = PBXFileReference; fileEncoding = 4; lastKnownFileType = sourcecode.c.h; path = DoctorInfoComponent.h; sourceTree = "<group>"; };
		126E2FCF1D24C33F00421358 /* DoctorInfoComponent.mm */ = {isa = PBXFileReference; fileEncoding = 4; lastKnownFileType = sourcecode.cpp.objcpp; path = DoctorInfoComponent.mm; sourceTree = "<group>"; };
		127E14421D2AC56900F3B819 /* AALabelComponent.h */ = {isa = PBXFileReference; fileEncoding = 4; lastKnownFileType = sourcecode.c.h; path = AALabelComponent.h; sourceTree = "<group>"; };
		127E14431D2AC56900F3B819 /* AALabelComponent.mm */ = {isa = PBXFileReference; fileEncoding = 4; lastKnownFileType = sourcecode.cpp.objcpp; path = AALabelComponent.mm; sourceTree = "<group>"; };
		12AF54111D28EAB8006B1729 /* DoctorListVC2.h */ = {isa = PBXFileReference; fileEncoding = 4; lastKnownFileType = sourcecode.c.h; path = DoctorListVC2.h; sourceTree = "<group>"; };
		12AF54121D28EAB8006B1729 /* DoctorListVC2.mm */ = {isa = PBXFileReference; fileEncoding = 4; lastKnownFileType = sourcecode.cpp.objcpp; path = DoctorListVC2.mm; sourceTree = "<group>"; };
		12AF541B1D2955F1006B1729 /* AAComponentExt.h */ = {isa = PBXFileReference; fileEncoding = 4; lastKnownFileType = sourcecode.c.h; path = AAComponentExt.h; sourceTree = "<group>"; };
		12AF541C1D2955F1006B1729 /* AAComponentExt.mm */ = {isa = PBXFileReference; fileEncoding = 4; lastKnownFileType = sourcecode.cpp.objcpp; path = AAComponentExt.mm; sourceTree = "<group>"; };
		12AF541D1D2955F1006B1729 /* CKCollectionVC.h */ = {isa = PBXFileReference; fileEncoding = 4; lastKnownFileType = sourcecode.c.h; path = CKCollectionVC.h; sourceTree = "<group>"; };
		12AF541E1D2955F1006B1729 /* CKCollectionVC.mm */ = {isa = PBXFileReference; fileEncoding = 4; lastKnownFileType = sourcecode.cpp.objcpp; path = CKCollectionVC.mm; sourceTree = "<group>"; };
		12AF541F1D2955F1006B1729 /* CKComponent+HostingView.h */ = {isa = PBXFileReference; fileEncoding = 4; lastKnownFileType = sourcecode.c.h; path = "CKComponent+HostingView.h"; sourceTree = "<group>"; };
		12AF54201D2955F1006B1729 /* CKComponent+HostingView.mm */ = {isa = PBXFileReference; fileEncoding = 4; lastKnownFileType = sourcecode.cpp.objcpp; path = "CKComponent+HostingView.mm"; sourceTree = "<group>"; };
		12AF54211D2955F1006B1729 /* CKModelCollectionVC.h */ = {isa = PBXFileReference; fileEncoding = 4; lastKnownFileType = sourcecode.c.h; path = CKModelCollectionVC.h; sourceTree = "<group>"; };
		12AF54221D2955F1006B1729 /* CKModelCollectionVC.mm */ = {isa = PBXFileReference; fileEncoding = 4; lastKnownFileType = sourcecode.cpp.objcpp; path = CKModelCollectionVC.mm; sourceTree = "<group>"; };
		12AF54231D2955F1006B1729 /* CKModelTableVC.h */ = {isa = PBXFileReference; fileEncoding = 4; lastKnownFileType = sourcecode.c.h; path = CKModelTableVC.h; sourceTree = "<group>"; };
		12AF54241D2955F1006B1729 /* CKModelTableVC.mm */ = {isa = PBXFileReference; fileEncoding = 4; lastKnownFileType = sourcecode.cpp.objcpp; path = CKModelTableVC.mm; sourceTree = "<group>"; };
		12AF54251D2955F1006B1729 /* CKTableVC.h */ = {isa = PBXFileReference; fileEncoding = 4; lastKnownFileType = sourcecode.c.h; path = CKTableVC.h; sourceTree = "<group>"; };
		12AF54261D2955F1006B1729 /* CKTableVC.mm */ = {isa = PBXFileReference; fileEncoding = 4; lastKnownFileType = sourcecode.cpp.objcpp; path = CKTableVC.mm; sourceTree = "<group>"; };
		12AF54281D2955F1006B1729 /* AAModelKit.h */ = {isa = PBXFileReference; fileEncoding = 4; lastKnownFileType = sourcecode.c.h; path = AAModelKit.h; sourceTree = "<group>"; };
		12AF54291D2955F1006B1729 /* AAModelKit.m */ = {isa = PBXFileReference; fileEncoding = 4; lastKnownFileType = sourcecode.c.objc; path = AAModelKit.m; sourceTree = "<group>"; };
		12AF542A1D2955F1006B1729 /* ModelRefresher.h */ = {isa = PBXFileReference; fileEncoding = 4; lastKnownFileType = sourcecode.c.h; path = ModelRefresher.h; sourceTree = "<group>"; };
		12AF542B1D2955F1006B1729 /* ModelRefresher.m */ = {isa = PBXFileReference; fileEncoding = 4; lastKnownFileType = sourcecode.c.objc; path = ModelRefresher.m; sourceTree = "<group>"; };
		12AF542C1D2955F1006B1729 /* RefreshController.h */ = {isa = PBXFileReference; fileEncoding = 4; lastKnownFileType = sourcecode.c.h; path = RefreshController.h; sourceTree = "<group>"; };
		12AF542D1D2955F1006B1729 /* RefreshController.m */ = {isa = PBXFileReference; fileEncoding = 4; lastKnownFileType = sourcecode.c.objc; path = RefreshController.m; sourceTree = "<group>"; };
		12AF542E1D2955F1006B1729 /* RefreshController_SubClass.h */ = {isa = PBXFileReference; fileEncoding = 4; lastKnownFileType = sourcecode.c.h; path = RefreshController_SubClass.h; sourceTree = "<group>"; };
		12AF543A1D2960CE006B1729 /* AATableVC.h */ = {isa = PBXFileReference; fileEncoding = 4; lastKnownFileType = sourcecode.c.h; path = AATableVC.h; sourceTree = "<group>"; };
		12AF543B1D2960CE006B1729 /* AATableVC.m */ = {isa = PBXFileReference; fileEncoding = 4; lastKnownFileType = sourcecode.c.objc; path = AATableVC.m; sourceTree = "<group>"; };
		12AF543D1D2960D9006B1729 /* AACollectionVC.h */ = {isa = PBXFileReference; fileEncoding = 4; lastKnownFileType = sourcecode.c.h; path = AACollectionVC.h; sourceTree = "<group>"; };
		12AF543E1D2960D9006B1729 /* AACollectionVC.m */ = {isa = PBXFileReference; fileEncoding = 4; lastKnownFileType = sourcecode.c.objc; path = AACollectionVC.m; sourceTree = "<group>"; };
		12AF54401D296411006B1729 /* APIKit.h */ = {isa = PBXFileReference; fileEncoding = 4; lastKnownFileType = sourcecode.c.h; path = APIKit.h; sourceTree = "<group>"; };
		12AF54411D296411006B1729 /* APIKit.m */ = {isa = PBXFileReference; fileEncoding = 4; lastKnownFileType = sourcecode.c.objc; path = APIKit.m; sourceTree = "<group>"; };
		12AF54901D2A212F006B1729 /* NITableVC.h */ = {isa = PBXFileReference; fileEncoding = 4; lastKnownFileType = sourcecode.c.h; path = NITableVC.h; sourceTree = "<group>"; };
		12AF54911D2A212F006B1729 /* NITableVC.m */ = {isa = PBXFileReference; fileEncoding = 4; lastKnownFileType = sourcecode.c.objc; path = NITableVC.m; sourceTree = "<group>"; };
		12AF54971D2A5D14006B1729 /* CKTableViewUpdater.h */ = {isa = PBXFileReference; fileEncoding = 4; lastKnownFileType = sourcecode.c.h; path = CKTableViewUpdater.h; sourceTree = "<group>"; };
		12AF54981D2A5D14006B1729 /* CKTableViewUpdater.mm */ = {isa = PBXFileReference; fileEncoding = 4; lastKnownFileType = sourcecode.cpp.objcpp; path = CKTableViewUpdater.mm; sourceTree = "<group>"; };
		12AF549A1D2A6809006B1729 /* CKCollectionViewUpdater.h */ = {isa = PBXFileReference; fileEncoding = 4; lastKnownFileType = sourcecode.c.h; path = CKCollectionViewUpdater.h; sourceTree = "<group>"; };
		12AF549B1D2A6809006B1729 /* CKCollectionViewUpdater.mm */ = {isa = PBXFileReference; fileEncoding = 4; lastKnownFileType = sourcecode.cpp.objcpp; path = CKCollectionViewUpdater.mm; sourceTree = "<group>"; };
		12CCDED41D2A7429000CF3F1 /* AAModelViewUpdater.h */ = {isa = PBXFileReference; fileEncoding = 4; lastKnownFileType = sourcecode.c.h; path = AAModelViewUpdater.h; sourceTree = "<group>"; };
		12CCDED51D2A7429000CF3F1 /* NIModelUpdater.h */ = {isa = PBXFileReference; fileEncoding = 4; lastKnownFileType = sourcecode.c.h; path = NIModelUpdater.h; sourceTree = "<group>"; };
		12CCDED61D2A7429000CF3F1 /* NIModelUpdater.m */ = {isa = PBXFileReference; fileEncoding = 4; lastKnownFileType = sourcecode.c.objc; path = NIModelUpdater.m; sourceTree = "<group>"; };
		12CCDEDC1D2AA858000CF3F1 /* DoctorListVC3.h */ = {isa = PBXFileReference; fileEncoding = 4; lastKnownFileType = sourcecode.c.h; path = DoctorListVC3.h; sourceTree = "<group>"; };
		12CCDEDD1D2AA858000CF3F1 /* DoctorListVC3.m */ = {isa = PBXFileReference; fileEncoding = 4; lastKnownFileType = sourcecode.c.objc; path = DoctorListVC3.m; sourceTree = "<group>"; };
		12CCDEDF1D2AA970000CF3F1 /* AATableObjectCatalog.h */ = {isa = PBXFileReference; fileEncoding = 4; lastKnownFileType = sourcecode.c.h; path = AATableObjectCatalog.h; sourceTree = "<group>"; };
		12CCDEE01D2AA970000CF3F1 /* AATableObjectCatalog.m */ = {isa = PBXFileReference; fileEncoding = 4; lastKnownFileType = sourcecode.c.objc; path = AATableObjectCatalog.m; sourceTree = "<group>"; };
		12FE174B1D28C2DB005E6977 /* TestCollectionVC.h */ = {isa = PBXFileReference; fileEncoding = 4; lastKnownFileType = sourcecode.c.h; path = TestCollectionVC.h; sourceTree = "<group>"; };
		12FE174C1D28C2DB005E6977 /* TestCollectionVC.m */ = {isa = PBXFileReference; fileEncoding = 4; lastKnownFileType = sourcecode.c.objc; path = TestCollectionVC.m; sourceTree = "<group>"; };
		519C77CE126ABB3711B7DA79 /* libPods.a */ = {isa = PBXFileReference; explicitFileType = archive.ar; includeInIndex = 0; path = libPods.a; sourceTree = BUILT_PRODUCTS_DIR; };
		732FF15DCC274761B4B6F489 /* Pods.release.xcconfig */ = {isa = PBXFileReference; includeInIndex = 1; lastKnownFileType = text.xcconfig; name = Pods.release.xcconfig; path = "Pods/Target Support Files/Pods/Pods.release.xcconfig"; sourceTree = "<group>"; };
		C436BBCC0092F787C8B4E5B0 /* Pods.debug.xcconfig */ = {isa = PBXFileReference; includeInIndex = 1; lastKnownFileType = text.xcconfig; name = Pods.debug.xcconfig; path = "Pods/Target Support Files/Pods/Pods.debug.xcconfig"; sourceTree = "<group>"; };
/* End PBXFileReference section */

/* Begin PBXFrameworksBuildPhase section */
		126E2F921D24C0FD00421358 /* Frameworks */ = {
			isa = PBXFrameworksBuildPhase;
			buildActionMask = 2147483647;
			files = (
				605F5FE90A351D95F4CAE91D /* libPods.a in Frameworks */,
			);
			runOnlyForDeploymentPostprocessing = 0;
		};
		126E2FAB1D24C0FD00421358 /* Frameworks */ = {
			isa = PBXFrameworksBuildPhase;
			buildActionMask = 2147483647;
			files = (
			);
			runOnlyForDeploymentPostprocessing = 0;
		};
		126E2FB61D24C0FD00421358 /* Frameworks */ = {
			isa = PBXFrameworksBuildPhase;
			buildActionMask = 2147483647;
			files = (
			);
			runOnlyForDeploymentPostprocessing = 0;
		};
/* End PBXFrameworksBuildPhase section */

/* Begin PBXGroup section */
		126E2F8C1D24C0FD00421358 = {
			isa = PBXGroup;
			children = (
				126E2F971D24C0FD00421358 /* ComponentDemo */,
				126E2FB11D24C0FD00421358 /* ComponentDemoTests */,
				126E2FBC1D24C0FD00421358 /* ComponentDemoUITests */,
				126E2F961D24C0FD00421358 /* Products */,
				1D73C1D7BDADD461418967E5 /* Pods */,
				C411A9076F298DF9F1A934A2 /* Frameworks */,
			);
			sourceTree = "<group>";
		};
		126E2F961D24C0FD00421358 /* Products */ = {
			isa = PBXGroup;
			children = (
				126E2F951D24C0FD00421358 /* ComponentDemo.app */,
				126E2FAE1D24C0FD00421358 /* ComponentDemoTests.xctest */,
				126E2FB91D24C0FD00421358 /* ComponentDemoUITests.xctest */,
			);
			name = Products;
			sourceTree = "<group>";
		};
		126E2F971D24C0FD00421358 /* ComponentDemo */ = {
			isa = PBXGroup;
			children = (
				12AF54391D2960C1006B1729 /* Controllers */,
				12AF54181D2955F1006B1729 /* ComponentKitExt */,
				12AF54271D2955F1006B1729 /* ModelKit */,
				126E2F9B1D24C0FD00421358 /* AppDelegate.h */,
				126E2F9C1D24C0FD00421358 /* AppDelegate.m */,
				126E2F9E1D24C0FD00421358 /* ViewController.h */,
				126E2F9F1D24C0FD00421358 /* ViewController.mm */,
				126E2FA11D24C0FD00421358 /* Main.storyboard */,
				126E2FA41D24C0FD00421358 /* Assets.xcassets */,
				126E2FA61D24C0FD00421358 /* LaunchScreen.storyboard */,
				126E2FA91D24C0FD00421358 /* Info.plist */,
				126E2F981D24C0FD00421358 /* Supporting Files */,
				126E2FCB1D24C29300421358 /* HostViewVC.h */,
				126E2FCC1D24C29300421358 /* HostViewVC.mm */,
				126E2FCE1D24C33F00421358 /* DoctorInfoComponent.h */,
				126E2FCF1D24C33F00421358 /* DoctorInfoComponent.mm */,
				12605C3F1D2674BF00396DC0 /* DoctorListVC.h */,
				12605C401D2674BF00396DC0 /* DoctorListVC.mm */,
				12605C421D2675D600396DC0 /* DoctorModel.h */,
				12605C431D2675D600396DC0 /* DoctorModel.m */,
				12FE174B1D28C2DB005E6977 /* TestCollectionVC.h */,
				12FE174C1D28C2DB005E6977 /* TestCollectionVC.m */,
				12AF54111D28EAB8006B1729 /* DoctorListVC2.h */,
				12AF54121D28EAB8006B1729 /* DoctorListVC2.mm */,
				12CCDEDC1D2AA858000CF3F1 /* DoctorListVC3.h */,
				12CCDEDD1D2AA858000CF3F1 /* DoctorListVC3.m */,
			);
			path = ComponentDemo;
			sourceTree = "<group>";
		};
		126E2F981D24C0FD00421358 /* Supporting Files */ = {
			isa = PBXGroup;
			children = (
				126E2F991D24C0FD00421358 /* main.m */,
			);
			name = "Supporting Files";
			sourceTree = "<group>";
		};
		126E2FB11D24C0FD00421358 /* ComponentDemoTests */ = {
			isa = PBXGroup;
			children = (
				126E2FB21D24C0FD00421358 /* ComponentDemoTests.m */,
				126E2FB41D24C0FD00421358 /* Info.plist */,
			);
			path = ComponentDemoTests;
			sourceTree = "<group>";
		};
		126E2FBC1D24C0FD00421358 /* ComponentDemoUITests */ = {
			isa = PBXGroup;
			children = (
				126E2FBD1D24C0FD00421358 /* ComponentDemoUITests.m */,
				126E2FBF1D24C0FD00421358 /* Info.plist */,
			);
			path = ComponentDemoUITests;
			sourceTree = "<group>";
		};
		12AF54181D2955F1006B1729 /* ComponentKitExt */ = {
			isa = PBXGroup;
			children = (
				12AF541B1D2955F1006B1729 /* AAComponentExt.h */,
				12AF541C1D2955F1006B1729 /* AAComponentExt.mm */,
				12AF541F1D2955F1006B1729 /* CKComponent+HostingView.h */,
				12AF54201D2955F1006B1729 /* CKComponent+HostingView.mm */,
				12AF541D1D2955F1006B1729 /* CKCollectionVC.h */,
				12AF541E1D2955F1006B1729 /* CKCollectionVC.mm */,
				12AF54211D2955F1006B1729 /* CKModelCollectionVC.h */,
				12AF54221D2955F1006B1729 /* CKModelCollectionVC.mm */,
				12AF54231D2955F1006B1729 /* CKModelTableVC.h */,
				12AF54241D2955F1006B1729 /* CKModelTableVC.mm */,
				12AF54251D2955F1006B1729 /* CKTableVC.h */,
				12AF54261D2955F1006B1729 /* CKTableVC.mm */,
				12AF54971D2A5D14006B1729 /* CKTableViewUpdater.h */,
				12AF54981D2A5D14006B1729 /* CKTableViewUpdater.mm */,
				12AF549A1D2A6809006B1729 /* CKCollectionViewUpdater.h */,
				12AF549B1D2A6809006B1729 /* CKCollectionViewUpdater.mm */,
				127E14421D2AC56900F3B819 /* AALabelComponent.h */,
				127E14431D2AC56900F3B819 /* AALabelComponent.mm */,
			);
			path = ComponentKitExt;
			sourceTree = SOURCE_ROOT;
		};
		12AF54271D2955F1006B1729 /* ModelKit */ = {
			isa = PBXGroup;
			children = (
				12CCDED41D2A7429000CF3F1 /* AAModelViewUpdater.h */,
				12CCDED51D2A7429000CF3F1 /* NIModelUpdater.h */,
				12CCDED61D2A7429000CF3F1 /* NIModelUpdater.m */,
				12AF54281D2955F1006B1729 /* AAModelKit.h */,
				12AF54291D2955F1006B1729 /* AAModelKit.m */,
				12AF542A1D2955F1006B1729 /* ModelRefresher.h */,
				12AF542B1D2955F1006B1729 /* ModelRefresher.m */,
				12AF542C1D2955F1006B1729 /* RefreshController.h */,
				12AF542D1D2955F1006B1729 /* RefreshController.m */,
				12AF542E1D2955F1006B1729 /* RefreshController_SubClass.h */,
				12AF54401D296411006B1729 /* APIKit.h */,
				12AF54411D296411006B1729 /* APIKit.m */,
				12CCDEDF1D2AA970000CF3F1 /* AATableObjectCatalog.h */,
				12CCDEE01D2AA970000CF3F1 /* AATableObjectCatalog.m */,
			);
			path = ModelKit;
			sourceTree = SOURCE_ROOT;
		};
		12AF54391D2960C1006B1729 /* Controllers */ = {
			isa = PBXGroup;
			children = (
				12AF543A1D2960CE006B1729 /* AATableVC.h */,
				12AF543B1D2960CE006B1729 /* AATableVC.m */,
				12AF543D1D2960D9006B1729 /* AACollectionVC.h */,
				12AF543E1D2960D9006B1729 /* AACollectionVC.m */,
				12AF54901D2A212F006B1729 /* NITableVC.h */,
				12AF54911D2A212F006B1729 /* NITableVC.m */,
			);
			path = Controllers;
			sourceTree = SOURCE_ROOT;
		};
		1D73C1D7BDADD461418967E5 /* Pods */ = {
			isa = PBXGroup;
			children = (
				C436BBCC0092F787C8B4E5B0 /* Pods.debug.xcconfig */,
				732FF15DCC274761B4B6F489 /* Pods.release.xcconfig */,
			);
			name = Pods;
			sourceTree = "<group>";
		};
		C411A9076F298DF9F1A934A2 /* Frameworks */ = {
			isa = PBXGroup;
			children = (
				519C77CE126ABB3711B7DA79 /* libPods.a */,
			);
			name = Frameworks;
			sourceTree = "<group>";
		};
/* End PBXGroup section */

/* Begin PBXNativeTarget section */
		126E2F941D24C0FD00421358 /* ComponentDemo */ = {
			isa = PBXNativeTarget;
			buildConfigurationList = 126E2FC21D24C0FD00421358 /* Build configuration list for PBXNativeTarget "ComponentDemo" */;
			buildPhases = (
				2FBC964C82CB538A762A0E67 /* Check Pods Manifest.lock */,
				126E2F911D24C0FD00421358 /* Sources */,
				126E2F921D24C0FD00421358 /* Frameworks */,
				126E2F931D24C0FD00421358 /* Resources */,
				A5E12C339A89E6E362C0F897 /* Embed Pods Frameworks */,
				0185BF66FF89B75375A20161 /* Copy Pods Resources */,
			);
			buildRules = (
			);
			dependencies = (
			);
			name = ComponentDemo;
			productName = ComponentDemo;
			productReference = 126E2F951D24C0FD00421358 /* ComponentDemo.app */;
			productType = "com.apple.product-type.application";
		};
		126E2FAD1D24C0FD00421358 /* ComponentDemoTests */ = {
			isa = PBXNativeTarget;
			buildConfigurationList = 126E2FC51D24C0FD00421358 /* Build configuration list for PBXNativeTarget "ComponentDemoTests" */;
			buildPhases = (
				126E2FAA1D24C0FD00421358 /* Sources */,
				126E2FAB1D24C0FD00421358 /* Frameworks */,
				126E2FAC1D24C0FD00421358 /* Resources */,
			);
			buildRules = (
			);
			dependencies = (
				126E2FB01D24C0FD00421358 /* PBXTargetDependency */,
			);
			name = ComponentDemoTests;
			productName = ComponentDemoTests;
			productReference = 126E2FAE1D24C0FD00421358 /* ComponentDemoTests.xctest */;
			productType = "com.apple.product-type.bundle.unit-test";
		};
		126E2FB81D24C0FD00421358 /* ComponentDemoUITests */ = {
			isa = PBXNativeTarget;
			buildConfigurationList = 126E2FC81D24C0FD00421358 /* Build configuration list for PBXNativeTarget "ComponentDemoUITests" */;
			buildPhases = (
				126E2FB51D24C0FD00421358 /* Sources */,
				126E2FB61D24C0FD00421358 /* Frameworks */,
				126E2FB71D24C0FD00421358 /* Resources */,
			);
			buildRules = (
			);
			dependencies = (
				126E2FBB1D24C0FD00421358 /* PBXTargetDependency */,
			);
			name = ComponentDemoUITests;
			productName = ComponentDemoUITests;
			productReference = 126E2FB91D24C0FD00421358 /* ComponentDemoUITests.xctest */;
			productType = "com.apple.product-type.bundle.ui-testing";
		};
/* End PBXNativeTarget section */

/* Begin PBXProject section */
		126E2F8D1D24C0FD00421358 /* Project object */ = {
			isa = PBXProject;
			attributes = {
				LastUpgradeCheck = 0730;
				ORGANIZATIONNAME = Beacon;
				TargetAttributes = {
					126E2F941D24C0FD00421358 = {
						CreatedOnToolsVersion = 7.3.1;
					};
					126E2FAD1D24C0FD00421358 = {
						CreatedOnToolsVersion = 7.3.1;
						TestTargetID = 126E2F941D24C0FD00421358;
					};
					126E2FB81D24C0FD00421358 = {
						CreatedOnToolsVersion = 7.3.1;
						TestTargetID = 126E2F941D24C0FD00421358;
					};
				};
			};
			buildConfigurationList = 126E2F901D24C0FD00421358 /* Build configuration list for PBXProject "ComponentDemo" */;
			compatibilityVersion = "Xcode 3.2";
			developmentRegion = English;
			hasScannedForEncodings = 0;
			knownRegions = (
				en,
				Base,
			);
			mainGroup = 126E2F8C1D24C0FD00421358;
			productRefGroup = 126E2F961D24C0FD00421358 /* Products */;
			projectDirPath = "";
			projectRoot = "";
			targets = (
				126E2F941D24C0FD00421358 /* ComponentDemo */,
				126E2FAD1D24C0FD00421358 /* ComponentDemoTests */,
				126E2FB81D24C0FD00421358 /* ComponentDemoUITests */,
			);
		};
/* End PBXProject section */

/* Begin PBXResourcesBuildPhase section */
		126E2F931D24C0FD00421358 /* Resources */ = {
			isa = PBXResourcesBuildPhase;
			buildActionMask = 2147483647;
			files = (
				126E2FA81D24C0FD00421358 /* LaunchScreen.storyboard in Resources */,
				126E2FA51D24C0FD00421358 /* Assets.xcassets in Resources */,
				126E2FA31D24C0FD00421358 /* Main.storyboard in Resources */,
			);
			runOnlyForDeploymentPostprocessing = 0;
		};
		126E2FAC1D24C0FD00421358 /* Resources */ = {
			isa = PBXResourcesBuildPhase;
			buildActionMask = 2147483647;
			files = (
			);
			runOnlyForDeploymentPostprocessing = 0;
		};
		126E2FB71D24C0FD00421358 /* Resources */ = {
			isa = PBXResourcesBuildPhase;
			buildActionMask = 2147483647;
			files = (
			);
			runOnlyForDeploymentPostprocessing = 0;
		};
/* End PBXResourcesBuildPhase section */

/* Begin PBXShellScriptBuildPhase section */
		0185BF66FF89B75375A20161 /* Copy Pods Resources */ = {
			isa = PBXShellScriptBuildPhase;
			buildActionMask = 2147483647;
			files = (
			);
			inputPaths = (
			);
			name = "Copy Pods Resources";
			outputPaths = (
			);
			runOnlyForDeploymentPostprocessing = 0;
			shellPath = /bin/sh;
			shellScript = "\"${SRCROOT}/Pods/Target Support Files/Pods/Pods-resources.sh\"\n";
			showEnvVarsInLog = 0;
		};
		2FBC964C82CB538A762A0E67 /* Check Pods Manifest.lock */ = {
			isa = PBXShellScriptBuildPhase;
			buildActionMask = 2147483647;
			files = (
			);
			inputPaths = (
			);
			name = "Check Pods Manifest.lock";
			outputPaths = (
			);
			runOnlyForDeploymentPostprocessing = 0;
			shellPath = /bin/sh;
			shellScript = "diff \"${PODS_ROOT}/../Podfile.lock\" \"${PODS_ROOT}/Manifest.lock\" > /dev/null\nif [[ $? != 0 ]] ; then\n    cat << EOM\nerror: The sandbox is not in sync with the Podfile.lock. Run 'pod install' or update your CocoaPods installation.\nEOM\n    exit 1\nfi\n";
			showEnvVarsInLog = 0;
		};
		A5E12C339A89E6E362C0F897 /* Embed Pods Frameworks */ = {
			isa = PBXShellScriptBuildPhase;
			buildActionMask = 2147483647;
			files = (
			);
			inputPaths = (
			);
			name = "Embed Pods Frameworks";
			outputPaths = (
			);
			runOnlyForDeploymentPostprocessing = 0;
			shellPath = /bin/sh;
			shellScript = "\"${SRCROOT}/Pods/Target Support Files/Pods/Pods-frameworks.sh\"\n";
			showEnvVarsInLog = 0;
		};
/* End PBXShellScriptBuildPhase section */

/* Begin PBXSourcesBuildPhase section */
		126E2F911D24C0FD00421358 /* Sources */ = {
			isa = PBXSourcesBuildPhase;
			buildActionMask = 2147483647;
			files = (
				12AF54921D2A212F006B1729 /* NITableVC.m in Sources */,
				12AF549C1D2A6809006B1729 /* CKCollectionViewUpdater.mm in Sources */,
				12605C411D2674BF00396DC0 /* DoctorListVC.mm in Sources */,
				126E2FA01D24C0FD00421358 /* ViewController.mm in Sources */,
				12AF543F1D2960D9006B1729 /* AACollectionVC.m in Sources */,
				126E2FCD1D24C29300421358 /* HostViewVC.mm in Sources */,
				127E14441D2AC56900F3B819 /* AALabelComponent.mm in Sources */,
				12CCDEE11D2AA970000CF3F1 /* AATableObjectCatalog.m in Sources */,
				12AF54351D2955F1006B1729 /* CKTableVC.mm in Sources */,
				12CCDED71D2A7429000CF3F1 /* NIModelUpdater.m in Sources */,
				12AF54361D2955F1006B1729 /* AAModelKit.m in Sources */,
				12AF54321D2955F1006B1729 /* CKComponent+HostingView.mm in Sources */,
				12AF54371D2955F1006B1729 /* ModelRefresher.m in Sources */,
				12AF54301D2955F1006B1729 /* AAComponentExt.mm in Sources */,
				12AF54421D296411006B1729 /* APIKit.m in Sources */,
				12AF543C1D2960CE006B1729 /* AATableVC.m in Sources */,
				12AF54311D2955F1006B1729 /* CKCollectionVC.mm in Sources */,
				12AF54331D2955F1006B1729 /* CKModelCollectionVC.mm in Sources */,
				126E2FD01D24C33F00421358 /* DoctorInfoComponent.mm in Sources */,
				12AF54131D28EAB8006B1729 /* DoctorListVC2.mm in Sources */,
				126E2F9D1D24C0FD00421358 /* AppDelegate.m in Sources */,
				12605C441D2675D600396DC0 /* DoctorModel.m in Sources */,
				12AF54381D2955F1006B1729 /* RefreshController.m in Sources */,
				12AF54991D2A5D14006B1729 /* CKTableViewUpdater.mm in Sources */,
				126E2F9A1D24C0FD00421358 /* main.m in Sources */,
				12FE174D1D28C2DB005E6977 /* TestCollectionVC.m in Sources */,
				12AF54341D2955F1006B1729 /* CKModelTableVC.mm in Sources */,
				12CCDEDE1D2AA858000CF3F1 /* DoctorListVC3.m in Sources */,
			);
			runOnlyForDeploymentPostprocessing = 0;
		};
		126E2FAA1D24C0FD00421358 /* Sources */ = {
			isa = PBXSourcesBuildPhase;
			buildActionMask = 2147483647;
			files = (
				126E2FB31D24C0FD00421358 /* ComponentDemoTests.m in Sources */,
			);
			runOnlyForDeploymentPostprocessing = 0;
		};
		126E2FB51D24C0FD00421358 /* Sources */ = {
			isa = PBXSourcesBuildPhase;
			buildActionMask = 2147483647;
			files = (
				126E2FBE1D24C0FD00421358 /* ComponentDemoUITests.m in Sources */,
			);
			runOnlyForDeploymentPostprocessing = 0;
		};
/* End PBXSourcesBuildPhase section */

/* Begin PBXTargetDependency section */
		126E2FB01D24C0FD00421358 /* PBXTargetDependency */ = {
			isa = PBXTargetDependency;
			target = 126E2F941D24C0FD00421358 /* ComponentDemo */;
			targetProxy = 126E2FAF1D24C0FD00421358 /* PBXContainerItemProxy */;
		};
		126E2FBB1D24C0FD00421358 /* PBXTargetDependency */ = {
			isa = PBXTargetDependency;
			target = 126E2F941D24C0FD00421358 /* ComponentDemo */;
			targetProxy = 126E2FBA1D24C0FD00421358 /* PBXContainerItemProxy */;
		};
/* End PBXTargetDependency section */

/* Begin PBXVariantGroup section */
		126E2FA11D24C0FD00421358 /* Main.storyboard */ = {
			isa = PBXVariantGroup;
			children = (
				126E2FA21D24C0FD00421358 /* Base */,
			);
			name = Main.storyboard;
			sourceTree = "<group>";
		};
		126E2FA61D24C0FD00421358 /* LaunchScreen.storyboard */ = {
			isa = PBXVariantGroup;
			children = (
				126E2FA71D24C0FD00421358 /* Base */,
			);
			name = LaunchScreen.storyboard;
			sourceTree = "<group>";
		};
/* End PBXVariantGroup section */

/* Begin XCBuildConfiguration section */
		126E2FC01D24C0FD00421358 /* Debug */ = {
			isa = XCBuildConfiguration;
			buildSettings = {
				ALWAYS_SEARCH_USER_PATHS = NO;
				CLANG_ANALYZER_NONNULL = YES;
				CLANG_CXX_LANGUAGE_STANDARD = "gnu++0x";
				CLANG_CXX_LIBRARY = "libc++";
				CLANG_ENABLE_MODULES = YES;
				CLANG_ENABLE_OBJC_ARC = YES;
				CLANG_WARN_BOOL_CONVERSION = YES;
				CLANG_WARN_CONSTANT_CONVERSION = YES;
				CLANG_WARN_DIRECT_OBJC_ISA_USAGE = YES_ERROR;
				CLANG_WARN_EMPTY_BODY = YES;
				CLANG_WARN_ENUM_CONVERSION = YES;
				CLANG_WARN_INT_CONVERSION = YES;
				CLANG_WARN_OBJC_ROOT_CLASS = YES_ERROR;
				CLANG_WARN_UNREACHABLE_CODE = YES;
				CLANG_WARN__DUPLICATE_METHOD_MATCH = YES;
				"CODE_SIGN_IDENTITY[sdk=iphoneos*]" = "iPhone Developer";
				COPY_PHASE_STRIP = NO;
				DEBUG_INFORMATION_FORMAT = dwarf;
				ENABLE_STRICT_OBJC_MSGSEND = YES;
				ENABLE_TESTABILITY = YES;
				GCC_C_LANGUAGE_STANDARD = gnu99;
				GCC_DYNAMIC_NO_PIC = NO;
				GCC_NO_COMMON_BLOCKS = YES;
				GCC_OPTIMIZATION_LEVEL = 0;
				GCC_PREPROCESSOR_DEFINITIONS = (
					"DEBUG=1",
					"$(inherited)",
				);
				GCC_WARN_64_TO_32_BIT_CONVERSION = YES;
				GCC_WARN_ABOUT_RETURN_TYPE = YES_ERROR;
				GCC_WARN_UNDECLARED_SELECTOR = YES;
				GCC_WARN_UNINITIALIZED_AUTOS = YES_AGGRESSIVE;
				GCC_WARN_UNUSED_FUNCTION = YES;
				GCC_WARN_UNUSED_VARIABLE = YES;
				IPHONEOS_DEPLOYMENT_TARGET = 9.3;
				MTL_ENABLE_DEBUG_INFO = YES;
				ONLY_ACTIVE_ARCH = YES;
				SDKROOT = iphoneos;
			};
			name = Debug;
		};
		126E2FC11D24C0FD00421358 /* Release */ = {
			isa = XCBuildConfiguration;
			buildSettings = {
				ALWAYS_SEARCH_USER_PATHS = NO;
				CLANG_ANALYZER_NONNULL = YES;
				CLANG_CXX_LANGUAGE_STANDARD = "gnu++0x";
				CLANG_CXX_LIBRARY = "libc++";
				CLANG_ENABLE_MODULES = YES;
				CLANG_ENABLE_OBJC_ARC = YES;
				CLANG_WARN_BOOL_CONVERSION = YES;
				CLANG_WARN_CONSTANT_CONVERSION = YES;
				CLANG_WARN_DIRECT_OBJC_ISA_USAGE = YES_ERROR;
				CLANG_WARN_EMPTY_BODY = YES;
				CLANG_WARN_ENUM_CONVERSION = YES;
				CLANG_WARN_INT_CONVERSION = YES;
				CLANG_WARN_OBJC_ROOT_CLASS = YES_ERROR;
				CLANG_WARN_UNREACHABLE_CODE = YES;
				CLANG_WARN__DUPLICATE_METHOD_MATCH = YES;
				"CODE_SIGN_IDENTITY[sdk=iphoneos*]" = "iPhone Developer";
				COPY_PHASE_STRIP = NO;
				DEBUG_INFORMATION_FORMAT = "dwarf-with-dsym";
				ENABLE_NS_ASSERTIONS = NO;
				ENABLE_STRICT_OBJC_MSGSEND = YES;
				GCC_C_LANGUAGE_STANDARD = gnu99;
				GCC_NO_COMMON_BLOCKS = YES;
				GCC_WARN_64_TO_32_BIT_CONVERSION = YES;
				GCC_WARN_ABOUT_RETURN_TYPE = YES_ERROR;
				GCC_WARN_UNDECLARED_SELECTOR = YES;
				GCC_WARN_UNINITIALIZED_AUTOS = YES_AGGRESSIVE;
				GCC_WARN_UNUSED_FUNCTION = YES;
				GCC_WARN_UNUSED_VARIABLE = YES;
				IPHONEOS_DEPLOYMENT_TARGET = 9.3;
				MTL_ENABLE_DEBUG_INFO = NO;
				SDKROOT = iphoneos;
				VALIDATE_PRODUCT = YES;
			};
			name = Release;
		};
		126E2FC31D24C0FD00421358 /* Debug */ = {
			isa = XCBuildConfiguration;
			baseConfigurationReference = C436BBCC0092F787C8B4E5B0 /* Pods.debug.xcconfig */;
			buildSettings = {
				ASSETCATALOG_COMPILER_APPICON_NAME = AppIcon;
				INFOPLIST_FILE = ComponentDemo/Info.plist;
				LD_RUNPATH_SEARCH_PATHS = "$(inherited) @executable_path/Frameworks";
				PRODUCT_BUNDLE_IDENTIFIER = com.beacon.ComponentDemo;
				PRODUCT_NAME = "$(TARGET_NAME)";
			};
			name = Debug;
		};
		126E2FC41D24C0FD00421358 /* Release */ = {
			isa = XCBuildConfiguration;
			baseConfigurationReference = 732FF15DCC274761B4B6F489 /* Pods.release.xcconfig */;
			buildSettings = {
				ASSETCATALOG_COMPILER_APPICON_NAME = AppIcon;
				INFOPLIST_FILE = ComponentDemo/Info.plist;
				LD_RUNPATH_SEARCH_PATHS = "$(inherited) @executable_path/Frameworks";
				PRODUCT_BUNDLE_IDENTIFIER = com.beacon.ComponentDemo;
				PRODUCT_NAME = "$(TARGET_NAME)";
			};
			name = Release;
		};
		126E2FC61D24C0FD00421358 /* Debug */ = {
			isa = XCBuildConfiguration;
			buildSettings = {
				BUNDLE_LOADER = "$(TEST_HOST)";
				INFOPLIST_FILE = ComponentDemoTests/Info.plist;
				LD_RUNPATH_SEARCH_PATHS = "$(inherited) @executable_path/Frameworks @loader_path/Frameworks";
				PRODUCT_BUNDLE_IDENTIFIER = com.beacon.ComponentDemoTests;
				PRODUCT_NAME = "$(TARGET_NAME)";
				TEST_HOST = "$(BUILT_PRODUCTS_DIR)/ComponentDemo.app/ComponentDemo";
			};
			name = Debug;
		};
		126E2FC71D24C0FD00421358 /* Release */ = {
			isa = XCBuildConfiguration;
			buildSettings = {
				BUNDLE_LOADER = "$(TEST_HOST)";
				INFOPLIST_FILE = ComponentDemoTests/Info.plist;
				LD_RUNPATH_SEARCH_PATHS = "$(inherited) @executable_path/Frameworks @loader_path/Frameworks";
				PRODUCT_BUNDLE_IDENTIFIER = com.beacon.ComponentDemoTests;
				PRODUCT_NAME = "$(TARGET_NAME)";
				TEST_HOST = "$(BUILT_PRODUCTS_DIR)/ComponentDemo.app/ComponentDemo";
			};
			name = Release;
		};
		126E2FC91D24C0FD00421358 /* Debug */ = {
			isa = XCBuildConfiguration;
			buildSettings = {
				INFOPLIST_FILE = ComponentDemoUITests/Info.plist;
				LD_RUNPATH_SEARCH_PATHS = "$(inherited) @executable_path/Frameworks @loader_path/Frameworks";
				PRODUCT_BUNDLE_IDENTIFIER = com.beacon.ComponentDemoUITests;
				PRODUCT_NAME = "$(TARGET_NAME)";
				TEST_TARGET_NAME = ComponentDemo;
			};
			name = Debug;
		};
		126E2FCA1D24C0FD00421358 /* Release */ = {
			isa = XCBuildConfiguration;
			buildSettings = {
				INFOPLIST_FILE = ComponentDemoUITests/Info.plist;
				LD_RUNPATH_SEARCH_PATHS = "$(inherited) @executable_path/Frameworks @loader_path/Frameworks";
				PRODUCT_BUNDLE_IDENTIFIER = com.beacon.ComponentDemoUITests;
				PRODUCT_NAME = "$(TARGET_NAME)";
				TEST_TARGET_NAME = ComponentDemo;
			};
			name = Release;
		};
/* End XCBuildConfiguration section */

/* Begin XCConfigurationList section */
		126E2F901D24C0FD00421358 /* Build configuration list for PBXProject "ComponentDemo" */ = {
			isa = XCConfigurationList;
			buildConfigurations = (
				126E2FC01D24C0FD00421358 /* Debug */,
				126E2FC11D24C0FD00421358 /* Release */,
			);
			defaultConfigurationIsVisible = 0;
			defaultConfigurationName = Release;
		};
		126E2FC21D24C0FD00421358 /* Build configuration list for PBXNativeTarget "ComponentDemo" */ = {
			isa = XCConfigurationList;
			buildConfigurations = (
				126E2FC31D24C0FD00421358 /* Debug */,
				126E2FC41D24C0FD00421358 /* Release */,
			);
			defaultConfigurationIsVisible = 0;
			defaultConfigurationName = Release;
		};
		126E2FC51D24C0FD00421358 /* Build configuration list for PBXNativeTarget "ComponentDemoTests" */ = {
			isa = XCConfigurationList;
			buildConfigurations = (
				126E2FC61D24C0FD00421358 /* Debug */,
				126E2FC71D24C0FD00421358 /* Release */,
			);
			defaultConfigurationIsVisible = 0;
			defaultConfigurationName = Release;
		};
		126E2FC81D24C0FD00421358 /* Build configuration list for PBXNativeTarget "ComponentDemoUITests" */ = {
			isa = XCConfigurationList;
			buildConfigurations = (
				126E2FC91D24C0FD00421358 /* Debug */,
				126E2FCA1D24C0FD00421358 /* Release */,
			);
			defaultConfigurationIsVisible = 0;
			defaultConfigurationName = Release;
		};
/* End XCConfigurationList section */
	};
	rootObject = 126E2F8D1D24C0FD00421358 /* Project object */;
}
