// !$*UTF8*$!
{
	archiveVersion = 1;
	classes = {
	};
	objectVersion = 46;
	objects = {

/* Begin PBXBuildFile section */
		12605C411D2674BF00396DC0 /* DoctorListVC.mm in Sources */ = {isa = PBXBuildFile; fileRef = 12605C401D2674BF00396DC0 /* DoctorListVC.mm */; };
		12605C441D2675D600396DC0 /* DoctorModel.m in Sources */ = {isa = PBXBuildFile; fileRef = 12605C431D2675D600396DC0 /* DoctorModel.m */; };
		126E2F9A1D24C0FD00421358 /* main.m in Sources */ = {isa = PBXBuildFile; fileRef = 126E2F991D24C0FD00421358 /* main.m */; };
		126E2F9D1D24C0FD00421358 /* AppDelegate.m in Sources */ = {isa = PBXBuildFile; fileRef = 126E2F9C1D24C0FD00421358 /* AppDelegate.m */; };
		126E2FA01D24C0FD00421358 /* ViewController.mm in Sources */ = {isa = PBXBuildFile; fileRef = 126E2F9F1D24C0FD00421358 /* ViewController.mm */; };
		126E2FA31D24C0FD00421358 /* Main.storyboard in Resources */ = {isa = PBXBuildFile; fileRef = 126E2FA11D24C0FD00421358 /* Main.storyboard */; };
		126E2FA51D24C0FD00421358 /* Assets.xcassets in Resources */ = {isa = PBXBuildFile; fileRef = 126E2FA41D24C0FD00421358 /* Assets.xcassets */; };
		126E2FA81D24C0FD00421358 /* LaunchScreen.storyboard in Resources */ = {isa = PBXBuildFile; fileRef = 126E2FA61D24C0FD00421358 /* LaunchScreen.storyboard */; };
		126E2FB31D24C0FD00421358 /* ComponentDemoTests.m in Sources */ = {isa = PBXBuildFile; fileRef = 126E2FB21D24C0FD00421358 /* ComponentDemoTests.m */; };
		126E2FBE1D24C0FD00421358 /* ComponentDemoUITests.m in Sources */ = {isa = PBXBuildFile; fileRef = 126E2FBD1D24C0FD00421358 /* ComponentDemoUITests.m */; };
		126E2FCD1D24C29300421358 /* HostViewVC.mm in Sources */ = {isa = PBXBuildFile; fileRef = 126E2FCC1D24C29300421358 /* HostViewVC.mm */; };
		126E2FD01D24C33F00421358 /* DoctorInfoComponent.mm in Sources */ = {isa = PBXBuildFile; fileRef = 126E2FCF1D24C33F00421358 /* DoctorInfoComponent.mm */; };
		127E14441D2AC56900F3B819 /* AALabelComponent.mm in Sources */ = {isa = PBXBuildFile; fileRef = 127E14431D2AC56900F3B819 /* AALabelComponent.mm */; };
		128986921D2C07730076EA8D /* NSArray+AAKit.m in Sources */ = {isa = PBXBuildFile; fileRef = 1289863C1D2C07730076EA8D /* NSArray+AAKit.m */; };
		128986931D2C07730076EA8D /* NSDictionary+Safe.m in Sources */ = {isa = PBXBuildFile; fileRef = 1289863E1D2C07730076EA8D /* NSDictionary+Safe.m */; };
		128986941D2C07730076EA8D /* NSDictionary+Util.m in Sources */ = {isa = PBXBuildFile; fileRef = 128986401D2C07730076EA8D /* NSDictionary+Util.m */; };
		128986951D2C07730076EA8D /* NSMutableDictionary+Util.m in Sources */ = {isa = PBXBuildFile; fileRef = 128986421D2C07730076EA8D /* NSMutableDictionary+Util.m */; };
		128986961D2C07730076EA8D /* NSDate+Arithmetic.m in Sources */ = {isa = PBXBuildFile; fileRef = 128986481D2C07730076EA8D /* NSDate+Arithmetic.m */; };
		128986971D2C07730076EA8D /* NSDate+Chunyu.m in Sources */ = {isa = PBXBuildFile; fileRef = 1289864A1D2C07730076EA8D /* NSDate+Chunyu.m */; };
		128986981D2C07730076EA8D /* NSDate+Deprecated.m in Sources */ = {isa = PBXBuildFile; fileRef = 1289864C1D2C07730076EA8D /* NSDate+Deprecated.m */; };
		128986991D2C07730076EA8D /* NSDate+Factory.m in Sources */ = {isa = PBXBuildFile; fileRef = 1289864E1D2C07730076EA8D /* NSDate+Factory.m */; };
		1289869A1D2C07730076EA8D /* NSDate+Format.m in Sources */ = {isa = PBXBuildFile; fileRef = 128986501D2C07730076EA8D /* NSDate+Format.m */; };
		1289869B1D2C07730076EA8D /* NSDate+Util.m in Sources */ = {isa = PBXBuildFile; fileRef = 128986521D2C07730076EA8D /* NSDate+Util.m */; };
		1289869C1D2C07730076EA8D /* NSData+AAKit.m in Sources */ = {isa = PBXBuildFile; fileRef = 128986541D2C07730076EA8D /* NSData+AAKit.m */; };
		1289869D1D2C07730076EA8D /* NSObject+AAKit.m in Sources */ = {isa = PBXBuildFile; fileRef = 128986561D2C07730076EA8D /* NSObject+AAKit.m */; };
		1289869E1D2C07730076EA8D /* NSUserDefaults+AAKit.m in Sources */ = {isa = PBXBuildFile; fileRef = 128986581D2C07730076EA8D /* NSUserDefaults+AAKit.m */; };
		1289869F1D2C07730076EA8D /* NSMutableAttributedString+Util.m in Sources */ = {isa = PBXBuildFile; fileRef = 1289865B1D2C07730076EA8D /* NSMutableAttributedString+Util.m */; };
		128986A01D2C07730076EA8D /* NSString+Coding.m in Sources */ = {isa = PBXBuildFile; fileRef = 1289865D1D2C07730076EA8D /* NSString+Coding.m */; };
		128986A11D2C07730076EA8D /* NSString+Util.m in Sources */ = {isa = PBXBuildFile; fileRef = 1289865F1D2C07730076EA8D /* NSString+Util.m */; };
		128986A21D2C07730076EA8D /* AAStyle.mm in Sources */ = {isa = PBXBuildFile; fileRef = 128986621D2C07730076EA8D /* AAStyle.mm */; };
		128986A31D2C07730076EA8D /* cyUIKitMacros.m in Sources */ = {isa = PBXBuildFile; fileRef = 128986651D2C07730076EA8D /* cyUIKitMacros.m */; };
		128986A41D2C07730076EA8D /* NSMutableAttributedString+UIUtil.m in Sources */ = {isa = PBXBuildFile; fileRef = 128986671D2C07730076EA8D /* NSMutableAttributedString+UIUtil.m */; };
		128986A51D2C07730076EA8D /* UIAlertController+AAKit.m in Sources */ = {isa = PBXBuildFile; fileRef = 128986691D2C07730076EA8D /* UIAlertController+AAKit.m */; };
		128986A61D2C07730076EA8D /* UIButton+Block.m in Sources */ = {isa = PBXBuildFile; fileRef = 1289866B1D2C07730076EA8D /* UIButton+Block.m */; };
		128986A71D2C07730076EA8D /* UIButton+Chunyu.m in Sources */ = {isa = PBXBuildFile; fileRef = 1289866D1D2C07730076EA8D /* UIButton+Chunyu.m */; };
		128986A81D2C07730076EA8D /* UIButton+Factory.m in Sources */ = {isa = PBXBuildFile; fileRef = 1289866F1D2C07730076EA8D /* UIButton+Factory.m */; };
		128986A91D2C07730076EA8D /* UIImage+Factory.m in Sources */ = {isa = PBXBuildFile; fileRef = 128986731D2C07730076EA8D /* UIImage+Factory.m */; };
		128986AA1D2C07730076EA8D /* UIImage+Orientation.m in Sources */ = {isa = PBXBuildFile; fileRef = 128986751D2C07730076EA8D /* UIImage+Orientation.m */; };
		128986AB1D2C07730076EA8D /* UIImage+Tint.m in Sources */ = {isa = PBXBuildFile; fileRef = 128986771D2C07730076EA8D /* UIImage+Tint.m */; };
		128986AC1D2C07730076EA8D /* UIImage+Util.m in Sources */ = {isa = PBXBuildFile; fileRef = 128986791D2C07730076EA8D /* UIImage+Util.m */; };
		128986AD1D2C07730076EA8D /* UIImage+Utils.m in Sources */ = {isa = PBXBuildFile; fileRef = 1289867B1D2C07730076EA8D /* UIImage+Utils.m */; };
		128986AE1D2C07730076EA8D /* UIImageView+Factory.m in Sources */ = {isa = PBXBuildFile; fileRef = 1289867D1D2C07730076EA8D /* UIImageView+Factory.m */; };
		128986AF1D2C07730076EA8D /* UILabel+Chunyu.m in Sources */ = {isa = PBXBuildFile; fileRef = 1289867F1D2C07730076EA8D /* UILabel+Chunyu.m */; };
		128986B01D2C07730076EA8D /* UINavigationController+EdgeGesture.m in Sources */ = {isa = PBXBuildFile; fileRef = 128986811D2C07730076EA8D /* UINavigationController+EdgeGesture.m */; };
		128986B31D2C07730076EA8D /* UIView+Frame.m in Sources */ = {isa = PBXBuildFile; fileRef = 128986871D2C07730076EA8D /* UIView+Frame.m */; };
		128986B41D2C07730076EA8D /* UIView+Subviews.m in Sources */ = {isa = PBXBuildFile; fileRef = 128986891D2C07730076EA8D /* UIView+Subviews.m */; };
		128986B61D2C07730076EA8D /* UIViewController+Keyboard.m in Sources */ = {isa = PBXBuildFile; fileRef = 1289868D1D2C07730076EA8D /* UIViewController+Keyboard.m */; };
		128986B71D2C07730076EA8D /* UIViewController+Navigation.m in Sources */ = {isa = PBXBuildFile; fileRef = 1289868F1D2C07730076EA8D /* UIViewController+Navigation.m */; };
		128986B81D2C07730076EA8D /* UIWindowAdditions.m in Sources */ = {isa = PBXBuildFile; fileRef = 128986911D2C07730076EA8D /* UIWindowAdditions.m */; };
		128986BD1D2C0D050076EA8D /* UIViewBuilder.swift in Sources */ = {isa = PBXBuildFile; fileRef = 128986BC1D2C0D050076EA8D /* UIViewBuilder.swift */; };
		128986BF1D2C1C5F0076EA8D /* UIViewBlock.swift in Sources */ = {isa = PBXBuildFile; fileRef = 128986BE1D2C1C5F0076EA8D /* UIViewBlock.swift */; };
		12A72DF61D2BCF4A00161B0C /* UIView+AAKit.m in Sources */ = {isa = PBXBuildFile; fileRef = 12A72DF51D2BCF4A00161B0C /* UIView+AAKit.m */; };
		12AF54131D28EAB8006B1729 /* DoctorListVC2.mm in Sources */ = {isa = PBXBuildFile; fileRef = 12AF54121D28EAB8006B1729 /* DoctorListVC2.mm */; };
		12AF54301D2955F1006B1729 /* AAComponentExt.mm in Sources */ = {isa = PBXBuildFile; fileRef = 12AF541C1D2955F1006B1729 /* AAComponentExt.mm */; };
		12AF54311D2955F1006B1729 /* CKCollectionVC.mm in Sources */ = {isa = PBXBuildFile; fileRef = 12AF541E1D2955F1006B1729 /* CKCollectionVC.mm */; };
		12AF54321D2955F1006B1729 /* CKComponent+HostingView.mm in Sources */ = {isa = PBXBuildFile; fileRef = 12AF54201D2955F1006B1729 /* CKComponent+HostingView.mm */; };
		12AF54331D2955F1006B1729 /* CKModelCollectionVC.mm in Sources */ = {isa = PBXBuildFile; fileRef = 12AF54221D2955F1006B1729 /* CKModelCollectionVC.mm */; };
		12AF54341D2955F1006B1729 /* CKModelTableVC.mm in Sources */ = {isa = PBXBuildFile; fileRef = 12AF54241D2955F1006B1729 /* CKModelTableVC.mm */; };
		12AF54351D2955F1006B1729 /* CKTableVC.mm in Sources */ = {isa = PBXBuildFile; fileRef = 12AF54261D2955F1006B1729 /* CKTableVC.mm */; };
		12AF54361D2955F1006B1729 /* AAModelKit.m in Sources */ = {isa = PBXBuildFile; fileRef = 12AF54291D2955F1006B1729 /* AAModelKit.m */; };
		12AF54371D2955F1006B1729 /* ModelRefresher.m in Sources */ = {isa = PBXBuildFile; fileRef = 12AF542B1D2955F1006B1729 /* ModelRefresher.m */; };
		12AF54381D2955F1006B1729 /* RefreshController.m in Sources */ = {isa = PBXBuildFile; fileRef = 12AF542D1D2955F1006B1729 /* RefreshController.m */; };
		12AF543C1D2960CE006B1729 /* AATableVC.m in Sources */ = {isa = PBXBuildFile; fileRef = 12AF543B1D2960CE006B1729 /* AATableVC.m */; };
		12AF543F1D2960D9006B1729 /* AACollectionVC.m in Sources */ = {isa = PBXBuildFile; fileRef = 12AF543E1D2960D9006B1729 /* AACollectionVC.m */; };
		12AF54421D296411006B1729 /* APIKit.m in Sources */ = {isa = PBXBuildFile; fileRef = 12AF54411D296411006B1729 /* APIKit.m */; };
		12AF54921D2A212F006B1729 /* NITableVC.m in Sources */ = {isa = PBXBuildFile; fileRef = 12AF54911D2A212F006B1729 /* NITableVC.m */; };
		12AF54991D2A5D14006B1729 /* CKTableViewUpdater.mm in Sources */ = {isa = PBXBuildFile; fileRef = 12AF54981D2A5D14006B1729 /* CKTableViewUpdater.mm */; };
		12AF549C1D2A6809006B1729 /* CKCollectionViewUpdater.mm in Sources */ = {isa = PBXBuildFile; fileRef = 12AF549B1D2A6809006B1729 /* CKCollectionViewUpdater.mm */; };
		12CCDED71D2A7429000CF3F1 /* NIModelUpdater.m in Sources */ = {isa = PBXBuildFile; fileRef = 12CCDED61D2A7429000CF3F1 /* NIModelUpdater.m */; };
		12CCDEDE1D2AA858000CF3F1 /* DoctorListVC3.m in Sources */ = {isa = PBXBuildFile; fileRef = 12CCDEDD1D2AA858000CF3F1 /* DoctorListVC3.m */; };
		12CCDEE11D2AA970000CF3F1 /* AATableObjectCatalog.m in Sources */ = {isa = PBXBuildFile; fileRef = 12CCDEE01D2AA970000CF3F1 /* AATableObjectCatalog.m */; };
		12FE174D1D28C2DB005E6977 /* TestCollectionVC.m in Sources */ = {isa = PBXBuildFile; fileRef = 12FE174C1D28C2DB005E6977 /* TestCollectionVC.m */; };
		605F5FE90A351D95F4CAE91D /* libPods.a in Frameworks */ = {isa = PBXBuildFile; fileRef = 519C77CE126ABB3711B7DA79 /* libPods.a */; };
/* End PBXBuildFile section */

/* Begin PBXContainerItemProxy section */
		126E2FAF1D24C0FD00421358 /* PBXContainerItemProxy */ = {
			isa = PBXContainerItemProxy;
			containerPortal = 126E2F8D1D24C0FD00421358 /* Project object */;
			proxyType = 1;
			remoteGlobalIDString = 126E2F941D24C0FD00421358;
			remoteInfo = ComponentDemo;
		};
		126E2FBA1D24C0FD00421358 /* PBXContainerItemProxy */ = {
			isa = PBXContainerItemProxy;
			containerPortal = 126E2F8D1D24C0FD00421358 /* Project object */;
			proxyType = 1;
			remoteGlobalIDString = 126E2F941D24C0FD00421358;
			remoteInfo = ComponentDemo;
		};
/* End PBXContainerItemProxy section */

/* Begin PBXFileReference section */
		12605C3F1D2674BF00396DC0 /* DoctorListVC.h */ = {isa = PBXFileReference; fileEncoding = 4; lastKnownFileType = sourcecode.c.h; path = DoctorListVC.h; sourceTree = "<group>"; };
		12605C401D2674BF00396DC0 /* DoctorListVC.mm */ = {isa = PBXFileReference; fileEncoding = 4; lastKnownFileType = sourcecode.cpp.objcpp; path = DoctorListVC.mm; sourceTree = "<group>"; };
		12605C421D2675D600396DC0 /* DoctorModel.h */ = {isa = PBXFileReference; fileEncoding = 4; lastKnownFileType = sourcecode.c.h; path = DoctorModel.h; sourceTree = "<group>"; };
		12605C431D2675D600396DC0 /* DoctorModel.m */ = {isa = PBXFileReference; fileEncoding = 4; lastKnownFileType = sourcecode.c.objc; path = DoctorModel.m; sourceTree = "<group>"; };
		126E2F951D24C0FD00421358 /* ComponentDemo.app */ = {isa = PBXFileReference; explicitFileType = wrapper.application; includeInIndex = 0; path = ComponentDemo.app; sourceTree = BUILT_PRODUCTS_DIR; };
		126E2F991D24C0FD00421358 /* main.m */ = {isa = PBXFileReference; lastKnownFileType = sourcecode.c.objc; path = main.m; sourceTree = "<group>"; };
		126E2F9B1D24C0FD00421358 /* AppDelegate.h */ = {isa = PBXFileReference; lastKnownFileType = sourcecode.c.h; path = AppDelegate.h; sourceTree = "<group>"; };
		126E2F9C1D24C0FD00421358 /* AppDelegate.m */ = {isa = PBXFileReference; lastKnownFileType = sourcecode.c.objc; path = AppDelegate.m; sourceTree = "<group>"; };
		126E2F9E1D24C0FD00421358 /* ViewController.h */ = {isa = PBXFileReference; lastKnownFileType = sourcecode.c.h; path = ViewController.h; sourceTree = "<group>"; };
		126E2F9F1D24C0FD00421358 /* ViewController.mm */ = {isa = PBXFileReference; lastKnownFileType = sourcecode.cpp.objcpp; path = ViewController.mm; sourceTree = "<group>"; };
		126E2FA21D24C0FD00421358 /* Base */ = {isa = PBXFileReference; lastKnownFileType = file.storyboard; name = Base; path = Base.lproj/Main.storyboard; sourceTree = "<group>"; };
		126E2FA41D24C0FD00421358 /* Assets.xcassets */ = {isa = PBXFileReference; lastKnownFileType = folder.assetcatalog; path = Assets.xcassets; sourceTree = "<group>"; };
		126E2FA71D24C0FD00421358 /* Base */ = {isa = PBXFileReference; lastKnownFileType = file.storyboard; name = Base; path = Base.lproj/LaunchScreen.storyboard; sourceTree = "<group>"; };
		126E2FA91D24C0FD00421358 /* Info.plist */ = {isa = PBXFileReference; lastKnownFileType = text.plist.xml; path = Info.plist; sourceTree = "<group>"; };
		126E2FAE1D24C0FD00421358 /* ComponentDemoTests.xctest */ = {isa = PBXFileReference; explicitFileType = wrapper.cfbundle; includeInIndex = 0; path = ComponentDemoTests.xctest; sourceTree = BUILT_PRODUCTS_DIR; };
		126E2FB21D24C0FD00421358 /* ComponentDemoTests.m */ = {isa = PBXFileReference; lastKnownFileType = sourcecode.c.objc; path = ComponentDemoTests.m; sourceTree = "<group>"; };
		126E2FB41D24C0FD00421358 /* Info.plist */ = {isa = PBXFileReference; lastKnownFileType = text.plist.xml; path = Info.plist; sourceTree = "<group>"; };
		126E2FB91D24C0FD00421358 /* ComponentDemoUITests.xctest */ = {isa = PBXFileReference; explicitFileType = wrapper.cfbundle; includeInIndex = 0; path = ComponentDemoUITests.xctest; sourceTree = BUILT_PRODUCTS_DIR; };
		126E2FBD1D24C0FD00421358 /* ComponentDemoUITests.m */ = {isa = PBXFileReference; lastKnownFileType = sourcecode.c.objc; path = ComponentDemoUITests.m; sourceTree = "<group>"; };
		126E2FBF1D24C0FD00421358 /* Info.plist */ = {isa = PBXFileReference; lastKnownFileType = text.plist.xml; path = Info.plist; sourceTree = "<group>"; };
		126E2FCB1D24C29300421358 /* HostViewVC.h */ = {isa = PBXFileReference; fileEncoding = 4; lastKnownFileType = sourcecode.c.h; path = HostViewVC.h; sourceTree = "<group>"; };
		126E2FCC1D24C29300421358 /* HostViewVC.mm */ = {isa = PBXFileReference; fileEncoding = 4; lastKnownFileType = sourcecode.cpp.objcpp; path = HostViewVC.mm; sourceTree = "<group>"; };
		126E2FCE1D24C33F00421358 /* DoctorInfoComponent.h */ = {isa = PBXFileReference; fileEncoding = 4; lastKnownFileType = sourcecode.c.h; path = DoctorInfoComponent.h; sourceTree = "<group>"; };
		126E2FCF1D24C33F00421358 /* DoctorInfoComponent.mm */ = {isa = PBXFileReference; fileEncoding = 4; lastKnownFileType = sourcecode.cpp.objcpp; path = DoctorInfoComponent.mm; sourceTree = "<group>"; };
		127E14421D2AC56900F3B819 /* AALabelComponent.h */ = {isa = PBXFileReference; fileEncoding = 4; lastKnownFileType = sourcecode.c.h; path = AALabelComponent.h; sourceTree = "<group>"; };
		127E14431D2AC56900F3B819 /* AALabelComponent.mm */ = {isa = PBXFileReference; fileEncoding = 4; lastKnownFileType = sourcecode.cpp.objcpp; path = AALabelComponent.mm; sourceTree = "<group>"; };
		1289863B1D2C07730076EA8D /* NSArray+AAKit.h */ = {isa = PBXFileReference; fileEncoding = 4; lastKnownFileType = sourcecode.c.h; path = "NSArray+AAKit.h"; sourceTree = "<group>"; };
		1289863C1D2C07730076EA8D /* NSArray+AAKit.m */ = {isa = PBXFileReference; fileEncoding = 4; lastKnownFileType = sourcecode.c.objc; path = "NSArray+AAKit.m"; sourceTree = "<group>"; };
		1289863D1D2C07730076EA8D /* NSDictionary+Safe.h */ = {isa = PBXFileReference; fileEncoding = 4; lastKnownFileType = sourcecode.c.h; path = "NSDictionary+Safe.h"; sourceTree = "<group>"; };
		1289863E1D2C07730076EA8D /* NSDictionary+Safe.m */ = {isa = PBXFileReference; fileEncoding = 4; lastKnownFileType = sourcecode.c.objc; path = "NSDictionary+Safe.m"; sourceTree = "<group>"; };
		1289863F1D2C07730076EA8D /* NSDictionary+Util.h */ = {isa = PBXFileReference; fileEncoding = 4; lastKnownFileType = sourcecode.c.h; path = "NSDictionary+Util.h"; sourceTree = "<group>"; };
		128986401D2C07730076EA8D /* NSDictionary+Util.m */ = {isa = PBXFileReference; fileEncoding = 4; lastKnownFileType = sourcecode.c.objc; path = "NSDictionary+Util.m"; sourceTree = "<group>"; };
		128986411D2C07730076EA8D /* NSMutableDictionary+Util.h */ = {isa = PBXFileReference; fileEncoding = 4; lastKnownFileType = sourcecode.c.h; path = "NSMutableDictionary+Util.h"; sourceTree = "<group>"; };
		128986421D2C07730076EA8D /* NSMutableDictionary+Util.m */ = {isa = PBXFileReference; fileEncoding = 4; lastKnownFileType = sourcecode.c.objc; path = "NSMutableDictionary+Util.m"; sourceTree = "<group>"; };
		128986431D2C07730076EA8D /* cyBlockTypes.h */ = {isa = PBXFileReference; fileEncoding = 4; lastKnownFileType = sourcecode.c.h; path = cyBlockTypes.h; sourceTree = "<group>"; };
		128986441D2C07730076EA8D /* cyFoundation.h */ = {isa = PBXFileReference; fileEncoding = 4; lastKnownFileType = sourcecode.c.h; path = cyFoundation.h; sourceTree = "<group>"; };
		128986451D2C07730076EA8D /* cyMacros.h */ = {isa = PBXFileReference; fileEncoding = 4; lastKnownFileType = sourcecode.c.h; path = cyMacros.h; sourceTree = "<group>"; };
		128986471D2C07730076EA8D /* NSDate+Arithmetic.h */ = {isa = PBXFileReference; fileEncoding = 4; lastKnownFileType = sourcecode.c.h; path = "NSDate+Arithmetic.h"; sourceTree = "<group>"; };
		128986481D2C07730076EA8D /* NSDate+Arithmetic.m */ = {isa = PBXFileReference; fileEncoding = 4; lastKnownFileType = sourcecode.c.objc; path = "NSDate+Arithmetic.m"; sourceTree = "<group>"; };
		128986491D2C07730076EA8D /* NSDate+Chunyu.h */ = {isa = PBXFileReference; fileEncoding = 4; lastKnownFileType = sourcecode.c.h; path = "NSDate+Chunyu.h"; sourceTree = "<group>"; };
		1289864A1D2C07730076EA8D /* NSDate+Chunyu.m */ = {isa = PBXFileReference; fileEncoding = 4; lastKnownFileType = sourcecode.c.objc; path = "NSDate+Chunyu.m"; sourceTree = "<group>"; };
		1289864B1D2C07730076EA8D /* NSDate+Deprecated.h */ = {isa = PBXFileReference; fileEncoding = 4; lastKnownFileType = sourcecode.c.h; path = "NSDate+Deprecated.h"; sourceTree = "<group>"; };
		1289864C1D2C07730076EA8D /* NSDate+Deprecated.m */ = {isa = PBXFileReference; fileEncoding = 4; lastKnownFileType = sourcecode.c.objc; path = "NSDate+Deprecated.m"; sourceTree = "<group>"; };
		1289864D1D2C07730076EA8D /* NSDate+Factory.h */ = {isa = PBXFileReference; fileEncoding = 4; lastKnownFileType = sourcecode.c.h; path = "NSDate+Factory.h"; sourceTree = "<group>"; };
		1289864E1D2C07730076EA8D /* NSDate+Factory.m */ = {isa = PBXFileReference; fileEncoding = 4; lastKnownFileType = sourcecode.c.objc; path = "NSDate+Factory.m"; sourceTree = "<group>"; };
		1289864F1D2C07730076EA8D /* NSDate+Format.h */ = {isa = PBXFileReference; fileEncoding = 4; lastKnownFileType = sourcecode.c.h; path = "NSDate+Format.h"; sourceTree = "<group>"; };
		128986501D2C07730076EA8D /* NSDate+Format.m */ = {isa = PBXFileReference; fileEncoding = 4; lastKnownFileType = sourcecode.c.objc; path = "NSDate+Format.m"; sourceTree = "<group>"; };
		128986511D2C07730076EA8D /* NSDate+Util.h */ = {isa = PBXFileReference; fileEncoding = 4; lastKnownFileType = sourcecode.c.h; path = "NSDate+Util.h"; sourceTree = "<group>"; };
		128986521D2C07730076EA8D /* NSDate+Util.m */ = {isa = PBXFileReference; fileEncoding = 4; lastKnownFileType = sourcecode.c.objc; path = "NSDate+Util.m"; sourceTree = "<group>"; };
		128986531D2C07730076EA8D /* NSData+AAKit.h */ = {isa = PBXFileReference; fileEncoding = 4; lastKnownFileType = sourcecode.c.h; path = "NSData+AAKit.h"; sourceTree = "<group>"; };
		128986541D2C07730076EA8D /* NSData+AAKit.m */ = {isa = PBXFileReference; fileEncoding = 4; lastKnownFileType = sourcecode.c.objc; path = "NSData+AAKit.m"; sourceTree = "<group>"; };
		128986551D2C07730076EA8D /* NSObject+AAKit.h */ = {isa = PBXFileReference; fileEncoding = 4; lastKnownFileType = sourcecode.c.h; path = "NSObject+AAKit.h"; sourceTree = "<group>"; };
		128986561D2C07730076EA8D /* NSObject+AAKit.m */ = {isa = PBXFileReference; fileEncoding = 4; lastKnownFileType = sourcecode.c.objc; path = "NSObject+AAKit.m"; sourceTree = "<group>"; };
		128986571D2C07730076EA8D /* NSUserDefaults+AAKit.h */ = {isa = PBXFileReference; fileEncoding = 4; lastKnownFileType = sourcecode.c.h; path = "NSUserDefaults+AAKit.h"; sourceTree = "<group>"; };
		128986581D2C07730076EA8D /* NSUserDefaults+AAKit.m */ = {isa = PBXFileReference; fileEncoding = 4; lastKnownFileType = sourcecode.c.objc; path = "NSUserDefaults+AAKit.m"; sourceTree = "<group>"; };
		1289865A1D2C07730076EA8D /* NSMutableAttributedString+Util.h */ = {isa = PBXFileReference; fileEncoding = 4; lastKnownFileType = sourcecode.c.h; path = "NSMutableAttributedString+Util.h"; sourceTree = "<group>"; };
		1289865B1D2C07730076EA8D /* NSMutableAttributedString+Util.m */ = {isa = PBXFileReference; fileEncoding = 4; lastKnownFileType = sourcecode.c.objc; path = "NSMutableAttributedString+Util.m"; sourceTree = "<group>"; };
		1289865C1D2C07730076EA8D /* NSString+Coding.h */ = {isa = PBXFileReference; fileEncoding = 4; lastKnownFileType = sourcecode.c.h; path = "NSString+Coding.h"; sourceTree = "<group>"; };
		1289865D1D2C07730076EA8D /* NSString+Coding.m */ = {isa = PBXFileReference; fileEncoding = 4; lastKnownFileType = sourcecode.c.objc; path = "NSString+Coding.m"; sourceTree = "<group>"; };
		1289865E1D2C07730076EA8D /* NSString+Util.h */ = {isa = PBXFileReference; fileEncoding = 4; lastKnownFileType = sourcecode.c.h; path = "NSString+Util.h"; sourceTree = "<group>"; };
		1289865F1D2C07730076EA8D /* NSString+Util.m */ = {isa = PBXFileReference; fileEncoding = 4; lastKnownFileType = sourcecode.c.objc; path = "NSString+Util.m"; sourceTree = "<group>"; };
		128986611D2C07730076EA8D /* AAStyle.h */ = {isa = PBXFileReference; fileEncoding = 4; lastKnownFileType = sourcecode.c.h; path = AAStyle.h; sourceTree = "<group>"; };
		128986621D2C07730076EA8D /* AAStyle.mm */ = {isa = PBXFileReference; fileEncoding = 4; lastKnownFileType = sourcecode.cpp.objcpp; path = AAStyle.mm; sourceTree = "<group>"; };
		128986631D2C07730076EA8D /* cyUIKit.h */ = {isa = PBXFileReference; fileEncoding = 4; lastKnownFileType = sourcecode.c.h; path = cyUIKit.h; sourceTree = "<group>"; };
		128986641D2C07730076EA8D /* cyUIKitMacros.h */ = {isa = PBXFileReference; fileEncoding = 4; lastKnownFileType = sourcecode.c.h; path = cyUIKitMacros.h; sourceTree = "<group>"; };
		128986651D2C07730076EA8D /* cyUIKitMacros.m */ = {isa = PBXFileReference; fileEncoding = 4; lastKnownFileType = sourcecode.c.objc; path = cyUIKitMacros.m; sourceTree = "<group>"; };
		128986661D2C07730076EA8D /* NSMutableAttributedString+UIUtil.h */ = {isa = PBXFileReference; fileEncoding = 4; lastKnownFileType = sourcecode.c.h; path = "NSMutableAttributedString+UIUtil.h"; sourceTree = "<group>"; };
		128986671D2C07730076EA8D /* NSMutableAttributedString+UIUtil.m */ = {isa = PBXFileReference; fileEncoding = 4; lastKnownFileType = sourcecode.c.objc; path = "NSMutableAttributedString+UIUtil.m"; sourceTree = "<group>"; };
		128986681D2C07730076EA8D /* UIAlertController+AAKit.h */ = {isa = PBXFileReference; fileEncoding = 4; lastKnownFileType = sourcecode.c.h; path = "UIAlertController+AAKit.h"; sourceTree = "<group>"; };
		128986691D2C07730076EA8D /* UIAlertController+AAKit.m */ = {isa = PBXFileReference; fileEncoding = 4; lastKnownFileType = sourcecode.c.objc; path = "UIAlertController+AAKit.m"; sourceTree = "<group>"; };
		1289866A1D2C07730076EA8D /* UIButton+Block.h */ = {isa = PBXFileReference; fileEncoding = 4; lastKnownFileType = sourcecode.c.h; path = "UIButton+Block.h"; sourceTree = "<group>"; };
		1289866B1D2C07730076EA8D /* UIButton+Block.m */ = {isa = PBXFileReference; fileEncoding = 4; lastKnownFileType = sourcecode.c.objc; path = "UIButton+Block.m"; sourceTree = "<group>"; };
		1289866C1D2C07730076EA8D /* UIButton+Chunyu.h */ = {isa = PBXFileReference; fileEncoding = 4; lastKnownFileType = sourcecode.c.h; path = "UIButton+Chunyu.h"; sourceTree = "<group>"; };
		1289866D1D2C07730076EA8D /* UIButton+Chunyu.m */ = {isa = PBXFileReference; fileEncoding = 4; lastKnownFileType = sourcecode.c.objc; path = "UIButton+Chunyu.m"; sourceTree = "<group>"; };
		1289866E1D2C07730076EA8D /* UIButton+Factory.h */ = {isa = PBXFileReference; fileEncoding = 4; lastKnownFileType = sourcecode.c.h; path = "UIButton+Factory.h"; sourceTree = "<group>"; };
		1289866F1D2C07730076EA8D /* UIButton+Factory.m */ = {isa = PBXFileReference; fileEncoding = 4; lastKnownFileType = sourcecode.c.objc; path = "UIButton+Factory.m"; sourceTree = "<group>"; };
		128986711D2C07730076EA8D /* cyImage.h */ = {isa = PBXFileReference; fileEncoding = 4; lastKnownFileType = sourcecode.c.h; path = cyImage.h; sourceTree = "<group>"; };
		128986721D2C07730076EA8D /* UIImage+Factory.h */ = {isa = PBXFileReference; fileEncoding = 4; lastKnownFileType = sourcecode.c.h; path = "UIImage+Factory.h"; sourceTree = "<group>"; };
		128986731D2C07730076EA8D /* UIImage+Factory.m */ = {isa = PBXFileReference; fileEncoding = 4; lastKnownFileType = sourcecode.c.objc; path = "UIImage+Factory.m"; sourceTree = "<group>"; };
		128986741D2C07730076EA8D /* UIImage+Orientation.h */ = {isa = PBXFileReference; fileEncoding = 4; lastKnownFileType = sourcecode.c.h; path = "UIImage+Orientation.h"; sourceTree = "<group>"; };
		128986751D2C07730076EA8D /* UIImage+Orientation.m */ = {isa = PBXFileReference; fileEncoding = 4; lastKnownFileType = sourcecode.c.objc; path = "UIImage+Orientation.m"; sourceTree = "<group>"; };
		128986761D2C07730076EA8D /* UIImage+Tint.h */ = {isa = PBXFileReference; fileEncoding = 4; lastKnownFileType = sourcecode.c.h; path = "UIImage+Tint.h"; sourceTree = "<group>"; };
		128986771D2C07730076EA8D /* UIImage+Tint.m */ = {isa = PBXFileReference; fileEncoding = 4; lastKnownFileType = sourcecode.c.objc; path = "UIImage+Tint.m"; sourceTree = "<group>"; };
		128986781D2C07730076EA8D /* UIImage+Util.h */ = {isa = PBXFileReference; fileEncoding = 4; lastKnownFileType = sourcecode.c.h; path = "UIImage+Util.h"; sourceTree = "<group>"; };
		128986791D2C07730076EA8D /* UIImage+Util.m */ = {isa = PBXFileReference; fileEncoding = 4; lastKnownFileType = sourcecode.c.objc; path = "UIImage+Util.m"; sourceTree = "<group>"; };
		1289867A1D2C07730076EA8D /* UIImage+Utils.h */ = {isa = PBXFileReference; fileEncoding = 4; lastKnownFileType = sourcecode.c.h; path = "UIImage+Utils.h"; sourceTree = "<group>"; };
		1289867B1D2C07730076EA8D /* UIImage+Utils.m */ = {isa = PBXFileReference; fileEncoding = 4; lastKnownFileType = sourcecode.c.objc; path = "UIImage+Utils.m"; sourceTree = "<group>"; };
		1289867C1D2C07730076EA8D /* UIImageView+Factory.h */ = {isa = PBXFileReference; fileEncoding = 4; lastKnownFileType = sourcecode.c.h; path = "UIImageView+Factory.h"; sourceTree = "<group>"; };
		1289867D1D2C07730076EA8D /* UIImageView+Factory.m */ = {isa = PBXFileReference; fileEncoding = 4; lastKnownFileType = sourcecode.c.objc; path = "UIImageView+Factory.m"; sourceTree = "<group>"; };
		1289867E1D2C07730076EA8D /* UILabel+Chunyu.h */ = {isa = PBXFileReference; fileEncoding = 4; lastKnownFileType = sourcecode.c.h; path = "UILabel+Chunyu.h"; sourceTree = "<group>"; };
		1289867F1D2C07730076EA8D /* UILabel+Chunyu.m */ = {isa = PBXFileReference; fileEncoding = 4; lastKnownFileType = sourcecode.c.objc; path = "UILabel+Chunyu.m"; sourceTree = "<group>"; };
		128986801D2C07730076EA8D /* UINavigationController+EdgeGesture.h */ = {isa = PBXFileReference; fileEncoding = 4; lastKnownFileType = sourcecode.c.h; path = "UINavigationController+EdgeGesture.h"; sourceTree = "<group>"; };
		128986811D2C07730076EA8D /* UINavigationController+EdgeGesture.m */ = {isa = PBXFileReference; fileEncoding = 4; lastKnownFileType = sourcecode.c.objc; path = "UINavigationController+EdgeGesture.m"; sourceTree = "<group>"; };
		128986861D2C07730076EA8D /* UIView+Frame.h */ = {isa = PBXFileReference; fileEncoding = 4; lastKnownFileType = sourcecode.c.h; path = "UIView+Frame.h"; sourceTree = "<group>"; };
		128986871D2C07730076EA8D /* UIView+Frame.m */ = {isa = PBXFileReference; fileEncoding = 4; lastKnownFileType = sourcecode.c.objc; path = "UIView+Frame.m"; sourceTree = "<group>"; };
		128986881D2C07730076EA8D /* UIView+Subviews.h */ = {isa = PBXFileReference; fileEncoding = 4; lastKnownFileType = sourcecode.c.h; path = "UIView+Subviews.h"; sourceTree = "<group>"; };
		128986891D2C07730076EA8D /* UIView+Subviews.m */ = {isa = PBXFileReference; fileEncoding = 4; lastKnownFileType = sourcecode.c.objc; path = "UIView+Subviews.m"; sourceTree = "<group>"; };
		1289868C1D2C07730076EA8D /* UIViewController+Keyboard.h */ = {isa = PBXFileReference; fileEncoding = 4; lastKnownFileType = sourcecode.c.h; path = "UIViewController+Keyboard.h"; sourceTree = "<group>"; };
		1289868D1D2C07730076EA8D /* UIViewController+Keyboard.m */ = {isa = PBXFileReference; fileEncoding = 4; lastKnownFileType = sourcecode.c.objc; path = "UIViewController+Keyboard.m"; sourceTree = "<group>"; };
		1289868E1D2C07730076EA8D /* UIViewController+Navigation.h */ = {isa = PBXFileReference; fileEncoding = 4; lastKnownFileType = sourcecode.c.h; path = "UIViewController+Navigation.h"; sourceTree = "<group>"; };
		1289868F1D2C07730076EA8D /* UIViewController+Navigation.m */ = {isa = PBXFileReference; fileEncoding = 4; lastKnownFileType = sourcecode.c.objc; path = "UIViewController+Navigation.m"; sourceTree = "<group>"; };
		128986901D2C07730076EA8D /* UIWindowAdditions.h */ = {isa = PBXFileReference; fileEncoding = 4; lastKnownFileType = sourcecode.c.h; path = UIWindowAdditions.h; sourceTree = "<group>"; };
		128986911D2C07730076EA8D /* UIWindowAdditions.m */ = {isa = PBXFileReference; fileEncoding = 4; lastKnownFileType = sourcecode.c.objc; path = UIWindowAdditions.m; sourceTree = "<group>"; };
		128986B91D2C0C970076EA8D /* ComponentDemo-Bridging-Header.h */ = {isa = PBXFileReference; lastKnownFileType = sourcecode.c.h; path = "ComponentDemo-Bridging-Header.h"; sourceTree = "<group>"; };
		128986BC1D2C0D050076EA8D /* UIViewBuilder.swift */ = {isa = PBXFileReference; fileEncoding = 4; lastKnownFileType = sourcecode.swift; path = UIViewBuilder.swift; sourceTree = "<group>"; };
		128986BE1D2C1C5F0076EA8D /* UIViewBlock.swift */ = {isa = PBXFileReference; fileEncoding = 4; lastKnownFileType = sourcecode.swift; path = UIViewBlock.swift; sourceTree = "<group>"; };
		12A72DF41D2BCF4A00161B0C /* UIView+AAKit.h */ = {isa = PBXFileReference; fileEncoding = 4; lastKnownFileType = sourcecode.c.h; path = "UIView+AAKit.h"; sourceTree = "<group>"; };
		12A72DF51D2BCF4A00161B0C /* UIView+AAKit.m */ = {isa = PBXFileReference; fileEncoding = 4; lastKnownFileType = sourcecode.c.objc; path = "UIView+AAKit.m"; sourceTree = "<group>"; };
		12AF54111D28EAB8006B1729 /* DoctorListVC2.h */ = {isa = PBXFileReference; fileEncoding = 4; lastKnownFileType = sourcecode.c.h; path = DoctorListVC2.h; sourceTree = "<group>"; };
		12AF54121D28EAB8006B1729 /* DoctorListVC2.mm */ = {isa = PBXFileReference; fileEncoding = 4; lastKnownFileType = sourcecode.cpp.objcpp; path = DoctorListVC2.mm; sourceTree = "<group>"; };
		12AF541B1D2955F1006B1729 /* AAComponentExt.h */ = {isa = PBXFileReference; fileEncoding = 4; lastKnownFileType = sourcecode.c.h; path = AAComponentExt.h; sourceTree = "<group>"; };
		12AF541C1D2955F1006B1729 /* AAComponentExt.mm */ = {isa = PBXFileReference; fileEncoding = 4; lastKnownFileType = sourcecode.cpp.objcpp; path = AAComponentExt.mm; sourceTree = "<group>"; };
		12AF541D1D2955F1006B1729 /* CKCollectionVC.h */ = {isa = PBXFileReference; fileEncoding = 4; lastKnownFileType = sourcecode.c.h; path = CKCollectionVC.h; sourceTree = "<group>"; };
		12AF541E1D2955F1006B1729 /* CKCollectionVC.mm */ = {isa = PBXFileReference; fileEncoding = 4; lastKnownFileType = sourcecode.cpp.objcpp; path = CKCollectionVC.mm; sourceTree = "<group>"; };
		12AF541F1D2955F1006B1729 /* CKComponent+HostingView.h */ = {isa = PBXFileReference; fileEncoding = 4; lastKnownFileType = sourcecode.c.h; path = "CKComponent+HostingView.h"; sourceTree = "<group>"; };
		12AF54201D2955F1006B1729 /* CKComponent+HostingView.mm */ = {isa = PBXFileReference; fileEncoding = 4; lastKnownFileType = sourcecode.cpp.objcpp; path = "CKComponent+HostingView.mm"; sourceTree = "<group>"; };
		12AF54211D2955F1006B1729 /* CKModelCollectionVC.h */ = {isa = PBXFileReference; fileEncoding = 4; lastKnownFileType = sourcecode.c.h; path = CKModelCollectionVC.h; sourceTree = "<group>"; };
		12AF54221D2955F1006B1729 /* CKModelCollectionVC.mm */ = {isa = PBXFileReference; fileEncoding = 4; lastKnownFileType = sourcecode.cpp.objcpp; path = CKModelCollectionVC.mm; sourceTree = "<group>"; };
		12AF54231D2955F1006B1729 /* CKModelTableVC.h */ = {isa = PBXFileReference; fileEncoding = 4; lastKnownFileType = sourcecode.c.h; path = CKModelTableVC.h; sourceTree = "<group>"; };
		12AF54241D2955F1006B1729 /* CKModelTableVC.mm */ = {isa = PBXFileReference; fileEncoding = 4; lastKnownFileType = sourcecode.cpp.objcpp; path = CKModelTableVC.mm; sourceTree = "<group>"; };
		12AF54251D2955F1006B1729 /* CKTableVC.h */ = {isa = PBXFileReference; fileEncoding = 4; lastKnownFileType = sourcecode.c.h; path = CKTableVC.h; sourceTree = "<group>"; };
		12AF54261D2955F1006B1729 /* CKTableVC.mm */ = {isa = PBXFileReference; fileEncoding = 4; lastKnownFileType = sourcecode.cpp.objcpp; path = CKTableVC.mm; sourceTree = "<group>"; };
		12AF54281D2955F1006B1729 /* AAModelKit.h */ = {isa = PBXFileReference; fileEncoding = 4; lastKnownFileType = sourcecode.c.h; path = AAModelKit.h; sourceTree = "<group>"; };
		12AF54291D2955F1006B1729 /* AAModelKit.m */ = {isa = PBXFileReference; fileEncoding = 4; lastKnownFileType = sourcecode.c.objc; path = AAModelKit.m; sourceTree = "<group>"; };
		12AF542A1D2955F1006B1729 /* ModelRefresher.h */ = {isa = PBXFileReference; fileEncoding = 4; lastKnownFileType = sourcecode.c.h; path = ModelRefresher.h; sourceTree = "<group>"; };
		12AF542B1D2955F1006B1729 /* ModelRefresher.m */ = {isa = PBXFileReference; fileEncoding = 4; lastKnownFileType = sourcecode.c.objc; path = ModelRefresher.m; sourceTree = "<group>"; };
		12AF542C1D2955F1006B1729 /* RefreshController.h */ = {isa = PBXFileReference; fileEncoding = 4; lastKnownFileType = sourcecode.c.h; path = RefreshController.h; sourceTree = "<group>"; };
		12AF542D1D2955F1006B1729 /* RefreshController.m */ = {isa = PBXFileReference; fileEncoding = 4; lastKnownFileType = sourcecode.c.objc; path = RefreshController.m; sourceTree = "<group>"; };
		12AF542E1D2955F1006B1729 /* RefreshController_SubClass.h */ = {isa = PBXFileReference; fileEncoding = 4; lastKnownFileType = sourcecode.c.h; path = RefreshController_SubClass.h; sourceTree = "<group>"; };
		12AF543A1D2960CE006B1729 /* AATableVC.h */ = {isa = PBXFileReference; fileEncoding = 4; lastKnownFileType = sourcecode.c.h; path = AATableVC.h; sourceTree = "<group>"; };
		12AF543B1D2960CE006B1729 /* AATableVC.m */ = {isa = PBXFileReference; fileEncoding = 4; lastKnownFileType = sourcecode.c.objc; path = AATableVC.m; sourceTree = "<group>"; };
		12AF543D1D2960D9006B1729 /* AACollectionVC.h */ = {isa = PBXFileReference; fileEncoding = 4; lastKnownFileType = sourcecode.c.h; path = AACollectionVC.h; sourceTree = "<group>"; };
		12AF543E1D2960D9006B1729 /* AACollectionVC.m */ = {isa = PBXFileReference; fileEncoding = 4; lastKnownFileType = sourcecode.c.objc; path = AACollectionVC.m; sourceTree = "<group>"; };
		12AF54401D296411006B1729 /* APIKit.h */ = {isa = PBXFileReference; fileEncoding = 4; lastKnownFileType = sourcecode.c.h; path = APIKit.h; sourceTree = "<group>"; };
		12AF54411D296411006B1729 /* APIKit.m */ = {isa = PBXFileReference; fileEncoding = 4; lastKnownFileType = sourcecode.c.objc; path = APIKit.m; sourceTree = "<group>"; };
		12AF54901D2A212F006B1729 /* NITableVC.h */ = {isa = PBXFileReference; fileEncoding = 4; lastKnownFileType = sourcecode.c.h; path = NITableVC.h; sourceTree = "<group>"; };
		12AF54911D2A212F006B1729 /* NITableVC.m */ = {isa = PBXFileReference; fileEncoding = 4; lastKnownFileType = sourcecode.c.objc; path = NITableVC.m; sourceTree = "<group>"; };
		12AF54971D2A5D14006B1729 /* CKTableViewUpdater.h */ = {isa = PBXFileReference; fileEncoding = 4; lastKnownFileType = sourcecode.c.h; path = CKTableViewUpdater.h; sourceTree = "<group>"; };
		12AF54981D2A5D14006B1729 /* CKTableViewUpdater.mm */ = {isa = PBXFileReference; fileEncoding = 4; lastKnownFileType = sourcecode.cpp.objcpp; path = CKTableViewUpdater.mm; sourceTree = "<group>"; };
		12AF549A1D2A6809006B1729 /* CKCollectionViewUpdater.h */ = {isa = PBXFileReference; fileEncoding = 4; lastKnownFileType = sourcecode.c.h; path = CKCollectionViewUpdater.h; sourceTree = "<group>"; };
		12AF549B1D2A6809006B1729 /* CKCollectionViewUpdater.mm */ = {isa = PBXFileReference; fileEncoding = 4; lastKnownFileType = sourcecode.cpp.objcpp; path = CKCollectionViewUpdater.mm; sourceTree = "<group>"; };
		12CCDED41D2A7429000CF3F1 /* AAModelViewUpdater.h */ = {isa = PBXFileReference; fileEncoding = 4; lastKnownFileType = sourcecode.c.h; path = AAModelViewUpdater.h; sourceTree = "<group>"; };
		12CCDED51D2A7429000CF3F1 /* NIModelUpdater.h */ = {isa = PBXFileReference; fileEncoding = 4; lastKnownFileType = sourcecode.c.h; path = NIModelUpdater.h; sourceTree = "<group>"; };
		12CCDED61D2A7429000CF3F1 /* NIModelUpdater.m */ = {isa = PBXFileReference; fileEncoding = 4; lastKnownFileType = sourcecode.c.objc; path = NIModelUpdater.m; sourceTree = "<group>"; };
		12CCDEDC1D2AA858000CF3F1 /* DoctorListVC3.h */ = {isa = PBXFileReference; fileEncoding = 4; lastKnownFileType = sourcecode.c.h; path = DoctorListVC3.h; sourceTree = "<group>"; };
		12CCDEDD1D2AA858000CF3F1 /* DoctorListVC3.m */ = {isa = PBXFileReference; fileEncoding = 4; lastKnownFileType = sourcecode.c.objc; path = DoctorListVC3.m; sourceTree = "<group>"; };
		12CCDEDF1D2AA970000CF3F1 /* AATableObjectCatalog.h */ = {isa = PBXFileReference; fileEncoding = 4; lastKnownFileType = sourcecode.c.h; path = AATableObjectCatalog.h; sourceTree = "<group>"; };
		12CCDEE01D2AA970000CF3F1 /* AATableObjectCatalog.m */ = {isa = PBXFileReference; fileEncoding = 4; lastKnownFileType = sourcecode.c.objc; path = AATableObjectCatalog.m; sourceTree = "<group>"; };
		12FE174B1D28C2DB005E6977 /* TestCollectionVC.h */ = {isa = PBXFileReference; fileEncoding = 4; lastKnownFileType = sourcecode.c.h; path = TestCollectionVC.h; sourceTree = "<group>"; };
		12FE174C1D28C2DB005E6977 /* TestCollectionVC.m */ = {isa = PBXFileReference; fileEncoding = 4; lastKnownFileType = sourcecode.c.objc; path = TestCollectionVC.m; sourceTree = "<group>"; };
		519C77CE126ABB3711B7DA79 /* libPods.a */ = {isa = PBXFileReference; explicitFileType = archive.ar; includeInIndex = 0; path = libPods.a; sourceTree = BUILT_PRODUCTS_DIR; };
		732FF15DCC274761B4B6F489 /* Pods.release.xcconfig */ = {isa = PBXFileReference; includeInIndex = 1; lastKnownFileType = text.xcconfig; name = Pods.release.xcconfig; path = "Pods/Target Support Files/Pods/Pods.release.xcconfig"; sourceTree = "<group>"; };
		C436BBCC0092F787C8B4E5B0 /* Pods.debug.xcconfig */ = {isa = PBXFileReference; includeInIndex = 1; lastKnownFileType = text.xcconfig; name = Pods.debug.xcconfig; path = "Pods/Target Support Files/Pods/Pods.debug.xcconfig"; sourceTree = "<group>"; };
/* End PBXFileReference section */

/* Begin PBXFrameworksBuildPhase section */
		126E2F921D24C0FD00421358 /* Frameworks */ = {
			isa = PBXFrameworksBuildPhase;
			buildActionMask = 2147483647;
			files = (
				605F5FE90A351D95F4CAE91D /* libPods.a in Frameworks */,
			);
			runOnlyForDeploymentPostprocessing = 0;
		};
		126E2FAB1D24C0FD00421358 /* Frameworks */ = {
			isa = PBXFrameworksBuildPhase;
			buildActionMask = 2147483647;
			files = (
			);
			runOnlyForDeploymentPostprocessing = 0;
		};
		126E2FB61D24C0FD00421358 /* Frameworks */ = {
			isa = PBXFrameworksBuildPhase;
			buildActionMask = 2147483647;
			files = (
			);
			runOnlyForDeploymentPostprocessing = 0;
		};
/* End PBXFrameworksBuildPhase section */

/* Begin PBXGroup section */
		126E2F8C1D24C0FD00421358 = {
			isa = PBXGroup;
			children = (
				126E2F971D24C0FD00421358 /* ComponentDemo */,
				126E2FB11D24C0FD00421358 /* ComponentDemoTests */,
				126E2FBC1D24C0FD00421358 /* ComponentDemoUITests */,
				126E2F961D24C0FD00421358 /* Products */,
				1D73C1D7BDADD461418967E5 /* Pods */,
				C411A9076F298DF9F1A934A2 /* Frameworks */,
			);
			sourceTree = "<group>";
		};
		126E2F961D24C0FD00421358 /* Products */ = {
			isa = PBXGroup;
			children = (
				126E2F951D24C0FD00421358 /* ComponentDemo.app */,
				126E2FAE1D24C0FD00421358 /* ComponentDemoTests.xctest */,
				126E2FB91D24C0FD00421358 /* ComponentDemoUITests.xctest */,
			);
			name = Products;
			sourceTree = "<group>";
		};
		126E2F971D24C0FD00421358 /* ComponentDemo */ = {
			isa = PBXGroup;
			children = (
				128986381D2C07730076EA8D /* AAKit */,
				12A72DF31D2BCF2E00161B0C /* Views */,
				12AF54391D2960C1006B1729 /* Controllers */,
				12AF54181D2955F1006B1729 /* ComponentKitExt */,
				12AF54271D2955F1006B1729 /* ModelKit */,
				126E2F9B1D24C0FD00421358 /* AppDelegate.h */,
				126E2F9C1D24C0FD00421358 /* AppDelegate.m */,
				126E2F9E1D24C0FD00421358 /* ViewController.h */,
				126E2F9F1D24C0FD00421358 /* ViewController.mm */,
				126E2FA11D24C0FD00421358 /* Main.storyboard */,
				126E2FA41D24C0FD00421358 /* Assets.xcassets */,
				126E2FA61D24C0FD00421358 /* LaunchScreen.storyboard */,
				126E2FA91D24C0FD00421358 /* Info.plist */,
				126E2F981D24C0FD00421358 /* Supporting Files */,
				126E2FCB1D24C29300421358 /* HostViewVC.h */,
				126E2FCC1D24C29300421358 /* HostViewVC.mm */,
				126E2FCE1D24C33F00421358 /* DoctorInfoComponent.h */,
				126E2FCF1D24C33F00421358 /* DoctorInfoComponent.mm */,
				12605C3F1D2674BF00396DC0 /* DoctorListVC.h */,
				12605C401D2674BF00396DC0 /* DoctorListVC.mm */,
				12605C421D2675D600396DC0 /* DoctorModel.h */,
				12605C431D2675D600396DC0 /* DoctorModel.m */,
				12FE174B1D28C2DB005E6977 /* TestCollectionVC.h */,
				12FE174C1D28C2DB005E6977 /* TestCollectionVC.m */,
				12AF54111D28EAB8006B1729 /* DoctorListVC2.h */,
				12AF54121D28EAB8006B1729 /* DoctorListVC2.mm */,
				12CCDEDC1D2AA858000CF3F1 /* DoctorListVC3.h */,
				12CCDEDD1D2AA858000CF3F1 /* DoctorListVC3.m */,
			);
			path = ComponentDemo;
			sourceTree = "<group>";
		};
		126E2F981D24C0FD00421358 /* Supporting Files */ = {
			isa = PBXGroup;
			children = (
				126E2F991D24C0FD00421358 /* main.m */,
			);
			name = "Supporting Files";
			sourceTree = "<group>";
		};
		126E2FB11D24C0FD00421358 /* ComponentDemoTests */ = {
			isa = PBXGroup;
			children = (
				126E2FB21D24C0FD00421358 /* ComponentDemoTests.m */,
				126E2FB41D24C0FD00421358 /* Info.plist */,
			);
			path = ComponentDemoTests;
			sourceTree = "<group>";
		};
		126E2FBC1D24C0FD00421358 /* ComponentDemoUITests */ = {
			isa = PBXGroup;
			children = (
				126E2FBD1D24C0FD00421358 /* ComponentDemoUITests.m */,
				126E2FBF1D24C0FD00421358 /* Info.plist */,
			);
			path = ComponentDemoUITests;
			sourceTree = "<group>";
		};
		128986381D2C07730076EA8D /* AAKit */ = {
			isa = PBXGroup;
			children = (
				128986391D2C07730076EA8D /* Foundation */,
				128986601D2C07730076EA8D /* UIKit */,
				128986B91D2C0C970076EA8D /* ComponentDemo-Bridging-Header.h */,
			);
			name = AAKit;
			path = ../../../AAKit/Classes;
			sourceTree = "<group>";
		};
		128986391D2C07730076EA8D /* Foundation */ = {
			isa = PBXGroup;
			children = (
				1289863A1D2C07730076EA8D /* Containers */,
				128986431D2C07730076EA8D /* cyBlockTypes.h */,
				128986441D2C07730076EA8D /* cyFoundation.h */,
				128986451D2C07730076EA8D /* cyMacros.h */,
				128986461D2C07730076EA8D /* Date */,
				128986531D2C07730076EA8D /* NSData+AAKit.h */,
				128986541D2C07730076EA8D /* NSData+AAKit.m */,
				128986551D2C07730076EA8D /* NSObject+AAKit.h */,
				128986561D2C07730076EA8D /* NSObject+AAKit.m */,
				128986571D2C07730076EA8D /* NSUserDefaults+AAKit.h */,
				128986581D2C07730076EA8D /* NSUserDefaults+AAKit.m */,
				128986591D2C07730076EA8D /* String */,
			);
			path = Foundation;
			sourceTree = "<group>";
		};
		1289863A1D2C07730076EA8D /* Containers */ = {
			isa = PBXGroup;
			children = (
				1289863B1D2C07730076EA8D /* NSArray+AAKit.h */,
				1289863C1D2C07730076EA8D /* NSArray+AAKit.m */,
				1289863D1D2C07730076EA8D /* NSDictionary+Safe.h */,
				1289863E1D2C07730076EA8D /* NSDictionary+Safe.m */,
				1289863F1D2C07730076EA8D /* NSDictionary+Util.h */,
				128986401D2C07730076EA8D /* NSDictionary+Util.m */,
				128986411D2C07730076EA8D /* NSMutableDictionary+Util.h */,
				128986421D2C07730076EA8D /* NSMutableDictionary+Util.m */,
			);
			path = Containers;
			sourceTree = "<group>";
		};
		128986461D2C07730076EA8D /* Date */ = {
			isa = PBXGroup;
			children = (
				128986471D2C07730076EA8D /* NSDate+Arithmetic.h */,
				128986481D2C07730076EA8D /* NSDate+Arithmetic.m */,
				128986491D2C07730076EA8D /* NSDate+Chunyu.h */,
				1289864A1D2C07730076EA8D /* NSDate+Chunyu.m */,
				1289864B1D2C07730076EA8D /* NSDate+Deprecated.h */,
				1289864C1D2C07730076EA8D /* NSDate+Deprecated.m */,
				1289864D1D2C07730076EA8D /* NSDate+Factory.h */,
				1289864E1D2C07730076EA8D /* NSDate+Factory.m */,
				1289864F1D2C07730076EA8D /* NSDate+Format.h */,
				128986501D2C07730076EA8D /* NSDate+Format.m */,
				128986511D2C07730076EA8D /* NSDate+Util.h */,
				128986521D2C07730076EA8D /* NSDate+Util.m */,
			);
			path = Date;
			sourceTree = "<group>";
		};
		128986591D2C07730076EA8D /* String */ = {
			isa = PBXGroup;
			children = (
				1289865A1D2C07730076EA8D /* NSMutableAttributedString+Util.h */,
				1289865B1D2C07730076EA8D /* NSMutableAttributedString+Util.m */,
				1289865C1D2C07730076EA8D /* NSString+Coding.h */,
				1289865D1D2C07730076EA8D /* NSString+Coding.m */,
				1289865E1D2C07730076EA8D /* NSString+Util.h */,
				1289865F1D2C07730076EA8D /* NSString+Util.m */,
			);
			path = String;
			sourceTree = "<group>";
		};
		128986601D2C07730076EA8D /* UIKit */ = {
			isa = PBXGroup;
			children = (
				128986611D2C07730076EA8D /* AAStyle.h */,
				128986621D2C07730076EA8D /* AAStyle.mm */,
				128986631D2C07730076EA8D /* cyUIKit.h */,
				128986641D2C07730076EA8D /* cyUIKitMacros.h */,
				128986651D2C07730076EA8D /* cyUIKitMacros.m */,
				128986661D2C07730076EA8D /* NSMutableAttributedString+UIUtil.h */,
				128986671D2C07730076EA8D /* NSMutableAttributedString+UIUtil.m */,
				128986681D2C07730076EA8D /* UIAlertController+AAKit.h */,
				128986691D2C07730076EA8D /* UIAlertController+AAKit.m */,
				1289866A1D2C07730076EA8D /* UIButton+Block.h */,
				1289866B1D2C07730076EA8D /* UIButton+Block.m */,
				1289866C1D2C07730076EA8D /* UIButton+Chunyu.h */,
				1289866D1D2C07730076EA8D /* UIButton+Chunyu.m */,
				1289866E1D2C07730076EA8D /* UIButton+Factory.h */,
				1289866F1D2C07730076EA8D /* UIButton+Factory.m */,
				128986701D2C07730076EA8D /* UIImage */,
				1289867E1D2C07730076EA8D /* UILabel+Chunyu.h */,
				1289867F1D2C07730076EA8D /* UILabel+Chunyu.m */,
				128986801D2C07730076EA8D /* UINavigationController+EdgeGesture.h */,
				128986811D2C07730076EA8D /* UINavigationController+EdgeGesture.m */,
				128986861D2C07730076EA8D /* UIView+Frame.h */,
				128986871D2C07730076EA8D /* UIView+Frame.m */,
				128986881D2C07730076EA8D /* UIView+Subviews.h */,
				128986891D2C07730076EA8D /* UIView+Subviews.m */,
				1289868C1D2C07730076EA8D /* UIViewController+Keyboard.h */,
				1289868D1D2C07730076EA8D /* UIViewController+Keyboard.m */,
				1289868E1D2C07730076EA8D /* UIViewController+Navigation.h */,
				1289868F1D2C07730076EA8D /* UIViewController+Navigation.m */,
				128986901D2C07730076EA8D /* UIWindowAdditions.h */,
				128986911D2C07730076EA8D /* UIWindowAdditions.m */,
				128986BC1D2C0D050076EA8D /* UIViewBuilder.swift */,
				128986BE1D2C1C5F0076EA8D /* UIViewBlock.swift */,
			);
			path = UIKit;
			sourceTree = "<group>";
		};
		128986701D2C07730076EA8D /* UIImage */ = {
			isa = PBXGroup;
			children = (
				128986711D2C07730076EA8D /* cyImage.h */,
				128986721D2C07730076EA8D /* UIImage+Factory.h */,
				128986731D2C07730076EA8D /* UIImage+Factory.m */,
				128986741D2C07730076EA8D /* UIImage+Orientation.h */,
				128986751D2C07730076EA8D /* UIImage+Orientation.m */,
				128986761D2C07730076EA8D /* UIImage+Tint.h */,
				128986771D2C07730076EA8D /* UIImage+Tint.m */,
				128986781D2C07730076EA8D /* UIImage+Util.h */,
				128986791D2C07730076EA8D /* UIImage+Util.m */,
				1289867A1D2C07730076EA8D /* UIImage+Utils.h */,
				1289867B1D2C07730076EA8D /* UIImage+Utils.m */,
				1289867C1D2C07730076EA8D /* UIImageView+Factory.h */,
				1289867D1D2C07730076EA8D /* UIImageView+Factory.m */,
			);
			path = UIImage;
			sourceTree = "<group>";
		};
		12A72DF31D2BCF2E00161B0C /* Views */ = {
			isa = PBXGroup;
			children = (
				12A72DF41D2BCF4A00161B0C /* UIView+AAKit.h */,
				12A72DF51D2BCF4A00161B0C /* UIView+AAKit.m */,
			);
			path = Views;
			sourceTree = SOURCE_ROOT;
		};
		12AF54181D2955F1006B1729 /* ComponentKitExt */ = {
			isa = PBXGroup;
			children = (
				12AF541B1D2955F1006B1729 /* AAComponentExt.h */,
				12AF541C1D2955F1006B1729 /* AAComponentExt.mm */,
				12AF541F1D2955F1006B1729 /* CKComponent+HostingView.h */,
				12AF54201D2955F1006B1729 /* CKComponent+HostingView.mm */,
				12AF541D1D2955F1006B1729 /* CKCollectionVC.h */,
				12AF541E1D2955F1006B1729 /* CKCollectionVC.mm */,
				12AF54211D2955F1006B1729 /* CKModelCollectionVC.h */,
				12AF54221D2955F1006B1729 /* CKModelCollectionVC.mm */,
				12AF54231D2955F1006B1729 /* CKModelTableVC.h */,
				12AF54241D2955F1006B1729 /* CKModelTableVC.mm */,
				12AF54251D2955F1006B1729 /* CKTableVC.h */,
				12AF54261D2955F1006B1729 /* CKTableVC.mm */,
				12AF54971D2A5D14006B1729 /* CKTableViewUpdater.h */,
				12AF54981D2A5D14006B1729 /* CKTableViewUpdater.mm */,
				12AF549A1D2A6809006B1729 /* CKCollectionViewUpdater.h */,
				12AF549B1D2A6809006B1729 /* CKCollectionViewUpdater.mm */,
				127E14421D2AC56900F3B819 /* AALabelComponent.h */,
				127E14431D2AC56900F3B819 /* AALabelComponent.mm */,
			);
			path = ComponentKitExt;
			sourceTree = SOURCE_ROOT;
		};
		12AF54271D2955F1006B1729 /* ModelKit */ = {
			isa = PBXGroup;
			children = (
				12CCDED41D2A7429000CF3F1 /* AAModelViewUpdater.h */,
				12CCDED51D2A7429000CF3F1 /* NIModelUpdater.h */,
				12CCDED61D2A7429000CF3F1 /* NIModelUpdater.m */,
				12AF54281D2955F1006B1729 /* AAModelKit.h */,
				12AF54291D2955F1006B1729 /* AAModelKit.m */,
				12AF542A1D2955F1006B1729 /* ModelRefresher.h */,
				12AF542B1D2955F1006B1729 /* ModelRefresher.m */,
				12AF542C1D2955F1006B1729 /* RefreshController.h */,
				12AF542D1D2955F1006B1729 /* RefreshController.m */,
				12AF542E1D2955F1006B1729 /* RefreshController_SubClass.h */,
				12AF54401D296411006B1729 /* APIKit.h */,
				12AF54411D296411006B1729 /* APIKit.m */,
				12CCDEDF1D2AA970000CF3F1 /* AATableObjectCatalog.h */,
				12CCDEE01D2AA970000CF3F1 /* AATableObjectCatalog.m */,
			);
			path = ModelKit;
			sourceTree = SOURCE_ROOT;
		};
		12AF54391D2960C1006B1729 /* Controllers */ = {
			isa = PBXGroup;
			children = (
				12AF543A1D2960CE006B1729 /* AATableVC.h */,
				12AF543B1D2960CE006B1729 /* AATableVC.m */,
				12AF543D1D2960D9006B1729 /* AACollectionVC.h */,
				12AF543E1D2960D9006B1729 /* AACollectionVC.m */,
				12AF54901D2A212F006B1729 /* NITableVC.h */,
				12AF54911D2A212F006B1729 /* NITableVC.m */,
			);
			path = Controllers;
			sourceTree = SOURCE_ROOT;
		};
		1D73C1D7BDADD461418967E5 /* Pods */ = {
			isa = PBXGroup;
			children = (
				C436BBCC0092F787C8B4E5B0 /* Pods.debug.xcconfig */,
				732FF15DCC274761B4B6F489 /* Pods.release.xcconfig */,
			);
			name = Pods;
			sourceTree = "<group>";
		};
		C411A9076F298DF9F1A934A2 /* Frameworks */ = {
			isa = PBXGroup;
			children = (
				519C77CE126ABB3711B7DA79 /* libPods.a */,
			);
			name = Frameworks;
			sourceTree = "<group>";
		};
/* End PBXGroup section */

/* Begin PBXNativeTarget section */
		126E2F941D24C0FD00421358 /* ComponentDemo */ = {
			isa = PBXNativeTarget;
			buildConfigurationList = 126E2FC21D24C0FD00421358 /* Build configuration list for PBXNativeTarget "ComponentDemo" */;
			buildPhases = (
				2FBC964C82CB538A762A0E67 /* Check Pods Manifest.lock */,
				126E2F911D24C0FD00421358 /* Sources */,
				126E2F921D24C0FD00421358 /* Frameworks */,
				126E2F931D24C0FD00421358 /* Resources */,
				A5E12C339A89E6E362C0F897 /* Embed Pods Frameworks */,
				0185BF66FF89B75375A20161 /* Copy Pods Resources */,
			);
			buildRules = (
			);
			dependencies = (
			);
			name = ComponentDemo;
			productName = ComponentDemo;
			productReference = 126E2F951D24C0FD00421358 /* ComponentDemo.app */;
			productType = "com.apple.product-type.application";
		};
		126E2FAD1D24C0FD00421358 /* ComponentDemoTests */ = {
			isa = PBXNativeTarget;
			buildConfigurationList = 126E2FC51D24C0FD00421358 /* Build configuration list for PBXNativeTarget "ComponentDemoTests" */;
			buildPhases = (
				126E2FAA1D24C0FD00421358 /* Sources */,
				126E2FAB1D24C0FD00421358 /* Frameworks */,
				126E2FAC1D24C0FD00421358 /* Resources */,
			);
			buildRules = (
			);
			dependencies = (
				126E2FB01D24C0FD00421358 /* PBXTargetDependency */,
			);
			name = ComponentDemoTests;
			productName = ComponentDemoTests;
			productReference = 126E2FAE1D24C0FD00421358 /* ComponentDemoTests.xctest */;
			productType = "com.apple.product-type.bundle.unit-test";
		};
		126E2FB81D24C0FD00421358 /* ComponentDemoUITests */ = {
			isa = PBXNativeTarget;
			buildConfigurationList = 126E2FC81D24C0FD00421358 /* Build configuration list for PBXNativeTarget "ComponentDemoUITests" */;
			buildPhases = (
				126E2FB51D24C0FD00421358 /* Sources */,
				126E2FB61D24C0FD00421358 /* Frameworks */,
				126E2FB71D24C0FD00421358 /* Resources */,
			);
			buildRules = (
			);
			dependencies = (
				126E2FBB1D24C0FD00421358 /* PBXTargetDependency */,
			);
			name = ComponentDemoUITests;
			productName = ComponentDemoUITests;
			productReference = 126E2FB91D24C0FD00421358 /* ComponentDemoUITests.xctest */;
			productType = "com.apple.product-type.bundle.ui-testing";
		};
/* End PBXNativeTarget section */

/* Begin PBXProject section */
		126E2F8D1D24C0FD00421358 /* Project object */ = {
			isa = PBXProject;
			attributes = {
				LastUpgradeCheck = 0730;
				ORGANIZATIONNAME = Beacon;
				TargetAttributes = {
					126E2F941D24C0FD00421358 = {
						CreatedOnToolsVersion = 7.3.1;
					};
					126E2FAD1D24C0FD00421358 = {
						CreatedOnToolsVersion = 7.3.1;
						TestTargetID = 126E2F941D24C0FD00421358;
					};
					126E2FB81D24C0FD00421358 = {
						CreatedOnToolsVersion = 7.3.1;
						TestTargetID = 126E2F941D24C0FD00421358;
					};
				};
			};
			buildConfigurationList = 126E2F901D24C0FD00421358 /* Build configuration list for PBXProject "ComponentDemo" */;
			compatibilityVersion = "Xcode 3.2";
			developmentRegion = English;
			hasScannedForEncodings = 0;
			knownRegions = (
				en,
				Base,
			);
			mainGroup = 126E2F8C1D24C0FD00421358;
			productRefGroup = 126E2F961D24C0FD00421358 /* Products */;
			projectDirPath = "";
			projectRoot = "";
			targets = (
				126E2F941D24C0FD00421358 /* ComponentDemo */,
				126E2FAD1D24C0FD00421358 /* ComponentDemoTests */,
				126E2FB81D24C0FD00421358 /* ComponentDemoUITests */,
			);
		};
/* End PBXProject section */

/* Begin PBXResourcesBuildPhase section */
		126E2F931D24C0FD00421358 /* Resources */ = {
			isa = PBXResourcesBuildPhase;
			buildActionMask = 2147483647;
			files = (
				126E2FA81D24C0FD00421358 /* LaunchScreen.storyboard in Resources */,
				126E2FA51D24C0FD00421358 /* Assets.xcassets in Resources */,
				126E2FA31D24C0FD00421358 /* Main.storyboard in Resources */,
			);
			runOnlyForDeploymentPostprocessing = 0;
		};
		126E2FAC1D24C0FD00421358 /* Resources */ = {
			isa = PBXResourcesBuildPhase;
			buildActionMask = 2147483647;
			files = (
			);
			runOnlyForDeploymentPostprocessing = 0;
		};
		126E2FB71D24C0FD00421358 /* Resources */ = {
			isa = PBXResourcesBuildPhase;
			buildActionMask = 2147483647;
			files = (
			);
			runOnlyForDeploymentPostprocessing = 0;
		};
/* End PBXResourcesBuildPhase section */

/* Begin PBXShellScriptBuildPhase section */
		0185BF66FF89B75375A20161 /* Copy Pods Resources */ = {
			isa = PBXShellScriptBuildPhase;
			buildActionMask = 2147483647;
			files = (
			);
			inputPaths = (
			);
			name = "Copy Pods Resources";
			outputPaths = (
			);
			runOnlyForDeploymentPostprocessing = 0;
			shellPath = /bin/sh;
			shellScript = "\"${SRCROOT}/Pods/Target Support Files/Pods/Pods-resources.sh\"\n";
			showEnvVarsInLog = 0;
		};
		2FBC964C82CB538A762A0E67 /* Check Pods Manifest.lock */ = {
			isa = PBXShellScriptBuildPhase;
			buildActionMask = 2147483647;
			files = (
			);
			inputPaths = (
			);
			name = "Check Pods Manifest.lock";
			outputPaths = (
			);
			runOnlyForDeploymentPostprocessing = 0;
			shellPath = /bin/sh;
			shellScript = "diff \"${PODS_ROOT}/../Podfile.lock\" \"${PODS_ROOT}/Manifest.lock\" > /dev/null\nif [[ $? != 0 ]] ; then\n    cat << EOM\nerror: The sandbox is not in sync with the Podfile.lock. Run 'pod install' or update your CocoaPods installation.\nEOM\n    exit 1\nfi\n";
			showEnvVarsInLog = 0;
		};
		A5E12C339A89E6E362C0F897 /* Embed Pods Frameworks */ = {
			isa = PBXShellScriptBuildPhase;
			buildActionMask = 2147483647;
			files = (
			);
			inputPaths = (
			);
			name = "Embed Pods Frameworks";
			outputPaths = (
			);
			runOnlyForDeploymentPostprocessing = 0;
			shellPath = /bin/sh;
			shellScript = "\"${SRCROOT}/Pods/Target Support Files/Pods/Pods-frameworks.sh\"\n";
			showEnvVarsInLog = 0;
		};
/* End PBXShellScriptBuildPhase section */

/* Begin PBXSourcesBuildPhase section */
		126E2F911D24C0FD00421358 /* Sources */ = {
			isa = PBXSourcesBuildPhase;
			buildActionMask = 2147483647;
			files = (
				128986AF1D2C07730076EA8D /* UILabel+Chunyu.m in Sources */,
				128986A31D2C07730076EA8D /* cyUIKitMacros.m in Sources */,
				128986B31D2C07730076EA8D /* UIView+Frame.m in Sources */,
				1289869E1D2C07730076EA8D /* NSUserDefaults+AAKit.m in Sources */,
				12AF54921D2A212F006B1729 /* NITableVC.m in Sources */,
				12AF549C1D2A6809006B1729 /* CKCollectionViewUpdater.mm in Sources */,
				12605C411D2674BF00396DC0 /* DoctorListVC.mm in Sources */,
				126E2FA01D24C0FD00421358 /* ViewController.mm in Sources */,
				12AF543F1D2960D9006B1729 /* AACollectionVC.m in Sources */,
				126E2FCD1D24C29300421358 /* HostViewVC.mm in Sources */,
				127E14441D2AC56900F3B819 /* AALabelComponent.mm in Sources */,
				12CCDEE11D2AA970000CF3F1 /* AATableObjectCatalog.m in Sources */,
				128986931D2C07730076EA8D /* NSDictionary+Safe.m in Sources */,
				128986A61D2C07730076EA8D /* UIButton+Block.m in Sources */,
				12AF54351D2955F1006B1729 /* CKTableVC.mm in Sources */,
				12CCDED71D2A7429000CF3F1 /* NIModelUpdater.m in Sources */,
				1289869A1D2C07730076EA8D /* NSDate+Format.m in Sources */,
				12AF54361D2955F1006B1729 /* AAModelKit.m in Sources */,
				128986921D2C07730076EA8D /* NSArray+AAKit.m in Sources */,
				12AF54321D2955F1006B1729 /* CKComponent+HostingView.mm in Sources */,
				128986AA1D2C07730076EA8D /* UIImage+Orientation.m in Sources */,
				128986B81D2C07730076EA8D /* UIWindowAdditions.m in Sources */,
				128986AC1D2C07730076EA8D /* UIImage+Util.m in Sources */,
				128986941D2C07730076EA8D /* NSDictionary+Util.m in Sources */,
				128986AE1D2C07730076EA8D /* UIImageView+Factory.m in Sources */,
				12AF54371D2955F1006B1729 /* ModelRefresher.m in Sources */,
				128986A91D2C07730076EA8D /* UIImage+Factory.m in Sources */,
				128986991D2C07730076EA8D /* NSDate+Factory.m in Sources */,
				12AF54301D2955F1006B1729 /* AAComponentExt.mm in Sources */,
				12AF54421D296411006B1729 /* APIKit.m in Sources */,
				128986A41D2C07730076EA8D /* NSMutableAttributedString+UIUtil.m in Sources */,
				1289869D1D2C07730076EA8D /* NSObject+AAKit.m in Sources */,
				128986A11D2C07730076EA8D /* NSString+Util.m in Sources */,
				12AF543C1D2960CE006B1729 /* AATableVC.m in Sources */,
				12AF54311D2955F1006B1729 /* CKCollectionVC.mm in Sources */,
				12AF54331D2955F1006B1729 /* CKModelCollectionVC.mm in Sources */,
				128986981D2C07730076EA8D /* NSDate+Deprecated.m in Sources */,
				128986AD1D2C07730076EA8D /* UIImage+Utils.m in Sources */,
				128986AB1D2C07730076EA8D /* UIImage+Tint.m in Sources */,
				128986B41D2C07730076EA8D /* UIView+Subviews.m in Sources */,
				128986B71D2C07730076EA8D /* UIViewController+Navigation.m in Sources */,
				126E2FD01D24C33F00421358 /* DoctorInfoComponent.mm in Sources */,
				1289869C1D2C07730076EA8D /* NSData+AAKit.m in Sources */,
				128986A71D2C07730076EA8D /* UIButton+Chunyu.m in Sources */,
				128986B01D2C07730076EA8D /* UINavigationController+EdgeGesture.m in Sources */,
				128986951D2C07730076EA8D /* NSMutableDictionary+Util.m in Sources */,
				128986B61D2C07730076EA8D /* UIViewController+Keyboard.m in Sources */,
				1289869B1D2C07730076EA8D /* NSDate+Util.m in Sources */,
				128986A51D2C07730076EA8D /* UIAlertController+AAKit.m in Sources */,
				12AF54131D28EAB8006B1729 /* DoctorListVC2.mm in Sources */,
				128986A01D2C07730076EA8D /* NSString+Coding.m in Sources */,
				128986961D2C07730076EA8D /* NSDate+Arithmetic.m in Sources */,
				128986971D2C07730076EA8D /* NSDate+Chunyu.m in Sources */,
				128986BD1D2C0D050076EA8D /* UIViewBuilder.swift in Sources */,
				126E2F9D1D24C0FD00421358 /* AppDelegate.m in Sources */,
				12605C441D2675D600396DC0 /* DoctorModel.m in Sources */,
				128986A81D2C07730076EA8D /* UIButton+Factory.m in Sources */,
				128986A21D2C07730076EA8D /* AAStyle.mm in Sources */,
				128986BF1D2C1C5F0076EA8D /* UIViewBlock.swift in Sources */,
				1289869F1D2C07730076EA8D /* NSMutableAttributedString+Util.m in Sources */,
				12AF54381D2955F1006B1729 /* RefreshController.m in Sources */,
				12AF54991D2A5D14006B1729 /* CKTableViewUpdater.mm in Sources */,
				126E2F9A1D24C0FD00421358 /* main.m in Sources */,
				12FE174D1D28C2DB005E6977 /* TestCollectionVC.m in Sources */,
				12A72DF61D2BCF4A00161B0C /* UIView+AAKit.m in Sources */,
				12AF54341D2955F1006B1729 /* CKModelTableVC.mm in Sources */,
				12CCDEDE1D2AA858000CF3F1 /* DoctorListVC3.m in Sources */,
			);
			runOnlyForDeploymentPostprocessing = 0;
		};
		126E2FAA1D24C0FD00421358 /* Sources */ = {
			isa = PBXSourcesBuildPhase;
			buildActionMask = 2147483647;
			files = (
				126E2FB31D24C0FD00421358 /* ComponentDemoTests.m in Sources */,
			);
			runOnlyForDeploymentPostprocessing = 0;
		};
		126E2FB51D24C0FD00421358 /* Sources */ = {
			isa = PBXSourcesBuildPhase;
			buildActionMask = 2147483647;
			files = (
				126E2FBE1D24C0FD00421358 /* ComponentDemoUITests.m in Sources */,
			);
			runOnlyForDeploymentPostprocessing = 0;
		};
/* End PBXSourcesBuildPhase section */

/* Begin PBXTargetDependency section */
		126E2FB01D24C0FD00421358 /* PBXTargetDependency */ = {
			isa = PBXTargetDependency;
			target = 126E2F941D24C0FD00421358 /* ComponentDemo */;
			targetProxy = 126E2FAF1D24C0FD00421358 /* PBXContainerItemProxy */;
		};
		126E2FBB1D24C0FD00421358 /* PBXTargetDependency */ = {
			isa = PBXTargetDependency;
			target = 126E2F941D24C0FD00421358 /* ComponentDemo */;
			targetProxy = 126E2FBA1D24C0FD00421358 /* PBXContainerItemProxy */;
		};
/* End PBXTargetDependency section */

/* Begin PBXVariantGroup section */
		126E2FA11D24C0FD00421358 /* Main.storyboard */ = {
			isa = PBXVariantGroup;
			children = (
				126E2FA21D24C0FD00421358 /* Base */,
			);
			name = Main.storyboard;
			sourceTree = "<group>";
		};
		126E2FA61D24C0FD00421358 /* LaunchScreen.storyboard */ = {
			isa = PBXVariantGroup;
			children = (
				126E2FA71D24C0FD00421358 /* Base */,
			);
			name = LaunchScreen.storyboard;
			sourceTree = "<group>";
		};
/* End PBXVariantGroup section */

/* Begin XCBuildConfiguration section */
		126E2FC01D24C0FD00421358 /* Debug */ = {
			isa = XCBuildConfiguration;
			buildSettings = {
				ALWAYS_SEARCH_USER_PATHS = NO;
				CLANG_ANALYZER_NONNULL = YES;
				CLANG_CXX_LANGUAGE_STANDARD = "gnu++0x";
				CLANG_CXX_LIBRARY = "libc++";
				CLANG_ENABLE_MODULES = YES;
				CLANG_ENABLE_OBJC_ARC = YES;
				CLANG_WARN_BOOL_CONVERSION = YES;
				CLANG_WARN_CONSTANT_CONVERSION = YES;
				CLANG_WARN_DIRECT_OBJC_ISA_USAGE = YES_ERROR;
				CLANG_WARN_EMPTY_BODY = YES;
				CLANG_WARN_ENUM_CONVERSION = YES;
				CLANG_WARN_INT_CONVERSION = YES;
				CLANG_WARN_OBJC_ROOT_CLASS = YES_ERROR;
				CLANG_WARN_UNREACHABLE_CODE = YES;
				CLANG_WARN__DUPLICATE_METHOD_MATCH = YES;
				"CODE_SIGN_IDENTITY[sdk=iphoneos*]" = "iPhone Developer";
				COPY_PHASE_STRIP = NO;
				DEBUG_INFORMATION_FORMAT = dwarf;
				ENABLE_STRICT_OBJC_MSGSEND = YES;
				ENABLE_TESTABILITY = YES;
				GCC_C_LANGUAGE_STANDARD = gnu99;
				GCC_DYNAMIC_NO_PIC = NO;
				GCC_NO_COMMON_BLOCKS = YES;
				GCC_OPTIMIZATION_LEVEL = 0;
				GCC_PREPROCESSOR_DEFINITIONS = (
					"DEBUG=1",
					"$(inherited)",
				);
				GCC_WARN_64_TO_32_BIT_CONVERSION = YES;
				GCC_WARN_ABOUT_RETURN_TYPE = YES_ERROR;
				GCC_WARN_UNDECLARED_SELECTOR = YES;
				GCC_WARN_UNINITIALIZED_AUTOS = YES_AGGRESSIVE;
				GCC_WARN_UNUSED_FUNCTION = YES;
				GCC_WARN_UNUSED_VARIABLE = YES;
				IPHONEOS_DEPLOYMENT_TARGET = 9.3;
				MTL_ENABLE_DEBUG_INFO = YES;
				ONLY_ACTIVE_ARCH = YES;
				SDKROOT = iphoneos;
			};
			name = Debug;
		};
		126E2FC11D24C0FD00421358 /* Release */ = {
			isa = XCBuildConfiguration;
			buildSettings = {
				ALWAYS_SEARCH_USER_PATHS = NO;
				CLANG_ANALYZER_NONNULL = YES;
				CLANG_CXX_LANGUAGE_STANDARD = "gnu++0x";
				CLANG_CXX_LIBRARY = "libc++";
				CLANG_ENABLE_MODULES = YES;
				CLANG_ENABLE_OBJC_ARC = YES;
				CLANG_WARN_BOOL_CONVERSION = YES;
				CLANG_WARN_CONSTANT_CONVERSION = YES;
				CLANG_WARN_DIRECT_OBJC_ISA_USAGE = YES_ERROR;
				CLANG_WARN_EMPTY_BODY = YES;
				CLANG_WARN_ENUM_CONVERSION = YES;
				CLANG_WARN_INT_CONVERSION = YES;
				CLANG_WARN_OBJC_ROOT_CLASS = YES_ERROR;
				CLANG_WARN_UNREACHABLE_CODE = YES;
				CLANG_WARN__DUPLICATE_METHOD_MATCH = YES;
				"CODE_SIGN_IDENTITY[sdk=iphoneos*]" = "iPhone Developer";
				COPY_PHASE_STRIP = NO;
				DEBUG_INFORMATION_FORMAT = "dwarf-with-dsym";
				ENABLE_NS_ASSERTIONS = NO;
				ENABLE_STRICT_OBJC_MSGSEND = YES;
				GCC_C_LANGUAGE_STANDARD = gnu99;
				GCC_NO_COMMON_BLOCKS = YES;
				GCC_WARN_64_TO_32_BIT_CONVERSION = YES;
				GCC_WARN_ABOUT_RETURN_TYPE = YES_ERROR;
				GCC_WARN_UNDECLARED_SELECTOR = YES;
				GCC_WARN_UNINITIALIZED_AUTOS = YES_AGGRESSIVE;
				GCC_WARN_UNUSED_FUNCTION = YES;
				GCC_WARN_UNUSED_VARIABLE = YES;
				IPHONEOS_DEPLOYMENT_TARGET = 9.3;
				MTL_ENABLE_DEBUG_INFO = NO;
				SDKROOT = iphoneos;
				VALIDATE_PRODUCT = YES;
			};
			name = Release;
		};
		126E2FC31D24C0FD00421358 /* Debug */ = {
			isa = XCBuildConfiguration;
			baseConfigurationReference = C436BBCC0092F787C8B4E5B0 /* Pods.debug.xcconfig */;
			buildSettings = {
				ASSETCATALOG_COMPILER_APPICON_NAME = AppIcon;
				CLANG_ENABLE_MODULES = YES;
				DEFINES_MODULE = YES;
				EMBEDDED_CONTENT_CONTAINS_SWIFT = YES;
				INFOPLIST_FILE = ComponentDemo/Info.plist;
				LD_RUNPATH_SEARCH_PATHS = "$(inherited) @executable_path/Frameworks";
				PRODUCT_BUNDLE_IDENTIFIER = com.beacon.ComponentDemo;
				PRODUCT_NAME = "$(TARGET_NAME)";
				SWIFT_OBJC_BRIDGING_HEADER = "../../AAKit/Classes/ComponentDemo-Bridging-Header.h";
				SWIFT_OPTIMIZATION_LEVEL = "-Onone";
			};
			name = Debug;
		};
		126E2FC41D24C0FD00421358 /* Release */ = {
			isa = XCBuildConfiguration;
			baseConfigurationReference = 732FF15DCC274761B4B6F489 /* Pods.release.xcconfig */;
			buildSettings = {
				ASSETCATALOG_COMPILER_APPICON_NAME = AppIcon;
				CLANG_ENABLE_MODULES = YES;
				DEFINES_MODULE = YES;
				EMBEDDED_CONTENT_CONTAINS_SWIFT = YES;
				INFOPLIST_FILE = ComponentDemo/Info.plist;
				LD_RUNPATH_SEARCH_PATHS = "$(inherited) @executable_path/Frameworks";
				PRODUCT_BUNDLE_IDENTIFIER = com.beacon.ComponentDemo;
				PRODUCT_NAME = "$(TARGET_NAME)";
				SWIFT_OBJC_BRIDGING_HEADER = "../../AAKit/Classes/ComponentDemo-Bridging-Header.h";
			};
			name = Release;
		};
		126E2FC61D24C0FD00421358 /* Debug */ = {
			isa = XCBuildConfiguration;
			buildSettings = {
				BUNDLE_LOADER = "$(TEST_HOST)";
				INFOPLIST_FILE = ComponentDemoTests/Info.plist;
				LD_RUNPATH_SEARCH_PATHS = "$(inherited) @executable_path/Frameworks @loader_path/Frameworks";
				PRODUCT_BUNDLE_IDENTIFIER = com.beacon.ComponentDemoTests;
				PRODUCT_NAME = "$(TARGET_NAME)";
				TEST_HOST = "$(BUILT_PRODUCTS_DIR)/ComponentDemo.app/ComponentDemo";
			};
			name = Debug;
		};
		126E2FC71D24C0FD00421358 /* Release */ = {
			isa = XCBuildConfiguration;
			buildSettings = {
				BUNDLE_LOADER = "$(TEST_HOST)";
				INFOPLIST_FILE = ComponentDemoTests/Info.plist;
				LD_RUNPATH_SEARCH_PATHS = "$(inherited) @executable_path/Frameworks @loader_path/Frameworks";
				PRODUCT_BUNDLE_IDENTIFIER = com.beacon.ComponentDemoTests;
				PRODUCT_NAME = "$(TARGET_NAME)";
				TEST_HOST = "$(BUILT_PRODUCTS_DIR)/ComponentDemo.app/ComponentDemo";
			};
			name = Release;
		};
		126E2FC91D24C0FD00421358 /* Debug */ = {
			isa = XCBuildConfiguration;
			buildSettings = {
				INFOPLIST_FILE = ComponentDemoUITests/Info.plist;
				LD_RUNPATH_SEARCH_PATHS = "$(inherited) @executable_path/Frameworks @loader_path/Frameworks";
				PRODUCT_BUNDLE_IDENTIFIER = com.beacon.ComponentDemoUITests;
				PRODUCT_NAME = "$(TARGET_NAME)";
				TEST_TARGET_NAME = ComponentDemo;
			};
			name = Debug;
		};
		126E2FCA1D24C0FD00421358 /* Release */ = {
			isa = XCBuildConfiguration;
			buildSettings = {
				INFOPLIST_FILE = ComponentDemoUITests/Info.plist;
				LD_RUNPATH_SEARCH_PATHS = "$(inherited) @executable_path/Frameworks @loader_path/Frameworks";
				PRODUCT_BUNDLE_IDENTIFIER = com.beacon.ComponentDemoUITests;
				PRODUCT_NAME = "$(TARGET_NAME)";
				TEST_TARGET_NAME = ComponentDemo;
			};
			name = Release;
		};
/* End XCBuildConfiguration section */

/* Begin XCConfigurationList section */
		126E2F901D24C0FD00421358 /* Build configuration list for PBXProject "ComponentDemo" */ = {
			isa = XCConfigurationList;
			buildConfigurations = (
				126E2FC01D24C0FD00421358 /* Debug */,
				126E2FC11D24C0FD00421358 /* Release */,
			);
			defaultConfigurationIsVisible = 0;
			defaultConfigurationName = Release;
		};
		126E2FC21D24C0FD00421358 /* Build configuration list for PBXNativeTarget "ComponentDemo" */ = {
			isa = XCConfigurationList;
			buildConfigurations = (
				126E2FC31D24C0FD00421358 /* Debug */,
				126E2FC41D24C0FD00421358 /* Release */,
			);
			defaultConfigurationIsVisible = 0;
			defaultConfigurationName = Release;
		};
		126E2FC51D24C0FD00421358 /* Build configuration list for PBXNativeTarget "ComponentDemoTests" */ = {
			isa = XCConfigurationList;
			buildConfigurations = (
				126E2FC61D24C0FD00421358 /* Debug */,
				126E2FC71D24C0FD00421358 /* Release */,
			);
			defaultConfigurationIsVisible = 0;
			defaultConfigurationName = Release;
		};
		126E2FC81D24C0FD00421358 /* Build configuration list for PBXNativeTarget "ComponentDemoUITests" */ = {
			isa = XCConfigurationList;
			buildConfigurations = (
				126E2FC91D24C0FD00421358 /* Debug */,
				126E2FCA1D24C0FD00421358 /* Release */,
			);
			defaultConfigurationIsVisible = 0;
			defaultConfigurationName = Release;
		};
/* End XCConfigurationList section */
	};
	rootObject = 126E2F8D1D24C0FD00421358 /* Project object */;
}
